// !$*UTF8*$!
{
	archiveVersion = 1;
	classes = {
	};
	objectVersion = 55;
	objects = {

/* Begin PBXBuildFile section */
		221BEC7D29D1A1420099A015 /* SwiftUIMap in Frameworks */ = {isa = PBXBuildFile; productRef = 221BEC7C29D1A1420099A015 /* SwiftUIMap */; };
		2222EBAC29D163B000837F79 /* NotificationPreferencesDecoder.swift in Sources */ = {isa = PBXBuildFile; fileRef = 2222EBAB29D163B000837F79 /* NotificationPreferencesDecoder.swift */; };
		2222EBB029D1779900837F79 /* ScrollViewIfNeeded in Frameworks */ = {isa = PBXBuildFile; productRef = 2222EBAF29D1779900837F79 /* ScrollViewIfNeeded */; };
		2222EBB429D18D2C00837F79 /* NotificationBridgeRow.swift in Sources */ = {isa = PBXBuildFile; fileRef = 2222EBB329D18D2C00837F79 /* NotificationBridgeRow.swift */; };
		2222EBB629D18EAD00837F79 /* NotificationContentView.swift in Sources */ = {isa = PBXBuildFile; fileRef = 2222EBB529D18EAD00837F79 /* NotificationContentView.swift */; };
		2224CDB729D1442B006D4338 /* NotificationPreferencesExample.json in Resources */ = {isa = PBXBuildFile; fileRef = 2224CDB629D1442B006D4338 /* NotificationPreferencesExample.json */; };
		2224CDB829D1442D006D4338 /* NotificationPreferencesExample.json in Resources */ = {isa = PBXBuildFile; fileRef = 2224CDB629D1442B006D4338 /* NotificationPreferencesExample.json */; };
		2224CDBF29D15102006D4338 /* NotificationPreferencesModel.swift in Sources */ = {isa = PBXBuildFile; fileRef = 2224CDBD29D150E2006D4338 /* NotificationPreferencesModel.swift */; };
		2224CDC029D15105006D4338 /* NotificationPreferencesView.swift in Sources */ = {isa = PBXBuildFile; fileRef = 2224CDBB29D15063006D4338 /* NotificationPreferencesView.swift */; };
		222C722F2A89B28200470C25 /* LocalConsole in Frameworks */ = {isa = PBXBuildFile; productRef = 222C722E2A89B28200470C25 /* LocalConsole */; };
		224C81FA29459B33004C5722 /* Easy_Bridge_TrackerUITests.swift in Sources */ = {isa = PBXBuildFile; fileRef = A37E4BBE28B13720007644D5 /* Easy_Bridge_TrackerUITests.swift */; };
		224C81FB29459B47004C5722 /* SnapshotHelper.swift in Sources */ = {isa = PBXBuildFile; fileRef = A37E4BAB28B1359D007644D5 /* SnapshotHelper.swift */; };
		2253C9BC29D1940A00F22F3B /* NotificationPreferencesDecoder.swift in Sources */ = {isa = PBXBuildFile; fileRef = 2222EBAB29D163B000837F79 /* NotificationPreferencesDecoder.swift */; };
		2253E00D29DBC5430063DDE2 /* BridgeFilterView.swift in Sources */ = {isa = PBXBuildFile; fileRef = 2253E00C29DBC5430063DDE2 /* BridgeFilterView.swift */; };
		2253E00F29DBCE840063DDE2 /* NotificationFavoritedCities.swift in Sources */ = {isa = PBXBuildFile; fileRef = 2253E00E29DBCE840063DDE2 /* NotificationFavoritedCities.swift */; };
		2253E01129DBD2110063DDE2 /* FavoritesModel.swift in Sources */ = {isa = PBXBuildFile; fileRef = 2253E01029DBD2110063DDE2 /* FavoritesModel.swift */; };
		2288FF852A78409700932ED1 /* Credits.swift in Sources */ = {isa = PBXBuildFile; fileRef = 2288FF842A78409700932ED1 /* Credits.swift */; };
		229E72C729D1E6BB00A6DD8A /* NotificationPreferencesBody.swift in Sources */ = {isa = PBXBuildFile; fileRef = 229E72C629D1E6BB00A6DD8A /* NotificationPreferencesBody.swift */; };
		229E72CA29D20CBC00A6DD8A /* NotificationPreferencesTimePicker.swift in Sources */ = {isa = PBXBuildFile; fileRef = 229E72C929D20CBC00A6DD8A /* NotificationPreferencesTimePicker.swift */; };
		22AB7C77293EDF2A008BD92F /* NotificationService.swift in Sources */ = {isa = PBXBuildFile; fileRef = 22AB7C76293EDF2A008BD92F /* NotificationService.swift */; };
		22AB7C7B293EDF2A008BD92F /* NotificationService.appex in Embed Foundation Extensions */ = {isa = PBXBuildFile; fileRef = 22AB7C74293EDF2A008BD92F /* NotificationService.appex */; settings = {ATTRIBUTES = (RemoveHeadersOnCopy, ); }; };
		22AB7C81293EDFA4008BD92F /* FirebaseMessaging in Frameworks */ = {isa = PBXBuildFile; productRef = 22AB7C80293EDFA4008BD92F /* FirebaseMessaging */; };
		22BB211729D20E80002F753B /* NotificationPreferencesImportance.swift in Sources */ = {isa = PBXBuildFile; fileRef = 22BB211629D20E80002F753B /* NotificationPreferencesImportance.swift */; };
		22BB211929D20F0B002F753B /* NotificationPreferencesSelectedBridges.swift in Sources */ = {isa = PBXBuildFile; fileRef = 22BB211829D20F0B002F753B /* NotificationPreferencesSelectedBridges.swift */; };
		22BB211B29D2127A002F753B /* NotificationPreferenceDaysPicker.swift in Sources */ = {isa = PBXBuildFile; fileRef = 22BB211A29D2127A002F753B /* NotificationPreferenceDaysPicker.swift */; };
		22C28A102939785A00D37696 /* GoogleService-Info.plist in Resources */ = {isa = PBXBuildFile; fileRef = 22C28A0F2939785A00D37696 /* GoogleService-Info.plist */; };
		22C28A1329397B9500D37696 /* FirebaseAnalytics in Frameworks */ = {isa = PBXBuildFile; productRef = 22C28A1229397B9500D37696 /* FirebaseAnalytics */; };
		22C28A1529397B9500D37696 /* FirebaseAnalyticsOnDeviceConversion in Frameworks */ = {isa = PBXBuildFile; productRef = 22C28A1429397B9500D37696 /* FirebaseAnalyticsOnDeviceConversion */; };
		22C28A1729397B9500D37696 /* FirebaseAnalyticsSwift in Frameworks */ = {isa = PBXBuildFile; productRef = 22C28A1629397B9500D37696 /* FirebaseAnalyticsSwift */; };
		22C28A1929397B9500D37696 /* FirebaseAnalyticsWithoutAdIdSupport in Frameworks */ = {isa = PBXBuildFile; productRef = 22C28A1829397B9500D37696 /* FirebaseAnalyticsWithoutAdIdSupport */; };
		22C28A1B29397B9500D37696 /* FirebaseAppCheck in Frameworks */ = {isa = PBXBuildFile; productRef = 22C28A1A29397B9500D37696 /* FirebaseAppCheck */; };
		22C28A1D29397B9500D37696 /* FirebaseAppDistribution-Beta in Frameworks */ = {isa = PBXBuildFile; productRef = 22C28A1C29397B9500D37696 /* FirebaseAppDistribution-Beta */; };
		22C28A1F29397B9500D37696 /* FirebaseAuth in Frameworks */ = {isa = PBXBuildFile; productRef = 22C28A1E29397B9500D37696 /* FirebaseAuth */; };
		22C28A2129397B9500D37696 /* FirebaseAuthCombine-Community in Frameworks */ = {isa = PBXBuildFile; productRef = 22C28A2029397B9500D37696 /* FirebaseAuthCombine-Community */; };
		22C28A2329397B9500D37696 /* FirebaseCrashlytics in Frameworks */ = {isa = PBXBuildFile; productRef = 22C28A2229397B9500D37696 /* FirebaseCrashlytics */; };
		22C28A2529397B9500D37696 /* FirebaseDatabase in Frameworks */ = {isa = PBXBuildFile; productRef = 22C28A2429397B9500D37696 /* FirebaseDatabase */; };
		22C28A2729397B9500D37696 /* FirebaseDatabaseSwift in Frameworks */ = {isa = PBXBuildFile; productRef = 22C28A2629397B9500D37696 /* FirebaseDatabaseSwift */; };
		22C28A2929397B9500D37696 /* FirebaseDynamicLinks in Frameworks */ = {isa = PBXBuildFile; productRef = 22C28A2829397B9500D37696 /* FirebaseDynamicLinks */; };
		22C28A2B29397B9500D37696 /* FirebaseFirestore in Frameworks */ = {isa = PBXBuildFile; productRef = 22C28A2A29397B9500D37696 /* FirebaseFirestore */; };
		22C28A2D29397B9500D37696 /* FirebaseFirestoreCombine-Community in Frameworks */ = {isa = PBXBuildFile; productRef = 22C28A2C29397B9500D37696 /* FirebaseFirestoreCombine-Community */; };
		22C28A2F29397B9500D37696 /* FirebaseFirestoreSwift in Frameworks */ = {isa = PBXBuildFile; productRef = 22C28A2E29397B9500D37696 /* FirebaseFirestoreSwift */; };
		22C28A3129397B9500D37696 /* FirebaseFunctions in Frameworks */ = {isa = PBXBuildFile; productRef = 22C28A3029397B9500D37696 /* FirebaseFunctions */; };
		22C28A3329397B9500D37696 /* FirebaseFunctionsCombine-Community in Frameworks */ = {isa = PBXBuildFile; productRef = 22C28A3229397B9500D37696 /* FirebaseFunctionsCombine-Community */; };
		22C28A3529397B9500D37696 /* FirebaseInAppMessaging-Beta in Frameworks */ = {isa = PBXBuildFile; productRef = 22C28A3429397B9500D37696 /* FirebaseInAppMessaging-Beta */; };
		22C28A3729397B9500D37696 /* FirebaseInAppMessagingSwift-Beta in Frameworks */ = {isa = PBXBuildFile; productRef = 22C28A3629397B9500D37696 /* FirebaseInAppMessagingSwift-Beta */; };
		22C28A3929397B9500D37696 /* FirebaseInstallations in Frameworks */ = {isa = PBXBuildFile; productRef = 22C28A3829397B9500D37696 /* FirebaseInstallations */; };
		22C28A3B29397B9500D37696 /* FirebaseMessaging in Frameworks */ = {isa = PBXBuildFile; productRef = 22C28A3A29397B9500D37696 /* FirebaseMessaging */; };
		22C28A3D29397B9500D37696 /* FirebaseMLModelDownloader in Frameworks */ = {isa = PBXBuildFile; productRef = 22C28A3C29397B9500D37696 /* FirebaseMLModelDownloader */; };
		22C28A3F29397B9500D37696 /* FirebasePerformance in Frameworks */ = {isa = PBXBuildFile; productRef = 22C28A3E29397B9500D37696 /* FirebasePerformance */; };
		22C28A4129397B9500D37696 /* FirebaseRemoteConfig in Frameworks */ = {isa = PBXBuildFile; productRef = 22C28A4029397B9500D37696 /* FirebaseRemoteConfig */; };
		22C28A4329397B9500D37696 /* FirebaseRemoteConfigSwift in Frameworks */ = {isa = PBXBuildFile; productRef = 22C28A4229397B9500D37696 /* FirebaseRemoteConfigSwift */; };
		22C28A4529397B9500D37696 /* FirebaseStorage in Frameworks */ = {isa = PBXBuildFile; productRef = 22C28A4429397B9500D37696 /* FirebaseStorage */; };
		22C28A4729397B9500D37696 /* FirebaseStorageCombine-Community in Frameworks */ = {isa = PBXBuildFile; productRef = 22C28A4629397B9500D37696 /* FirebaseStorageCombine-Community */; };
		22C28A4929398F7900D37696 /* FPN Manager.swift in Sources */ = {isa = PBXBuildFile; fileRef = 22C28A4829398F7800D37696 /* FPN Manager.swift */; };
		22D460F529DBB54B00163E16 /* BridgesFilter.swift in Sources */ = {isa = PBXBuildFile; fileRef = 22D460F429DBB54B00163E16 /* BridgesFilter.swift */; };
		22D460F729DBBA6700163E16 /* FavoritedCities.swift in Sources */ = {isa = PBXBuildFile; fileRef = 22D460F629DBBA6700163E16 /* FavoritedCities.swift */; };
		22D8688629D2B25800E7D647 /* NotificationPreferencesActiveToggle.swift in Sources */ = {isa = PBXBuildFile; fileRef = 22D8688529D2B25800E7D647 /* NotificationPreferencesActiveToggle.swift */; };
		22D8688829D2B5C600E7D647 /* NotificationPreferencesAd.swift in Sources */ = {isa = PBXBuildFile; fileRef = 22D8688729D2B5C600E7D647 /* NotificationPreferencesAd.swift */; };
		22D8688A29D2BEA400E7D647 /* Purchase Service.swift in Sources */ = {isa = PBXBuildFile; fileRef = 22D8688929D2BEA400E7D647 /* Purchase Service.swift */; };
		22D8688D29D2BEDC00E7D647 /* ReceiptParser in Frameworks */ = {isa = PBXBuildFile; productRef = 22D8688C29D2BEDC00E7D647 /* ReceiptParser */; };
		22D8688F29D2BEDC00E7D647 /* RevenueCat in Frameworks */ = {isa = PBXBuildFile; productRef = 22D8688E29D2BEDC00E7D647 /* RevenueCat */; };
		22D8689129D2BF2600E7D647 /* AdController.swift in Sources */ = {isa = PBXBuildFile; fileRef = 22D8689029D2BF2600E7D647 /* AdController.swift */; };
		22D8689729D2CBFB00E7D647 /* NavigationBarLargeTitleItems.swift in Sources */ = {isa = PBXBuildFile; fileRef = 22D8689629D2CBFB00E7D647 /* NavigationBarLargeTitleItems.swift */; };
		22D8689929D2CDF100E7D647 /* Configuration.storekit in Resources */ = {isa = PBXBuildFile; fileRef = 22D8689829D2CDF000E7D647 /* Configuration.storekit */; };
		22EE942729D3664F00EB8889 /* TitleTextEditor.swift in Sources */ = {isa = PBXBuildFile; fileRef = 22EE942629D3664F00EB8889 /* TitleTextEditor.swift */; };
		22F47FEB293C78DA00A4E654 /* RemoteConfigDefaults.plist in Resources */ = {isa = PBXBuildFile; fileRef = 22F47FEA293C78DA00A4E654 /* RemoteConfigDefaults.plist */; };
		A305122728B33C3F002BB056 /* GoogleMobileAds in Frameworks */ = {isa = PBXBuildFile; productRef = A305122628B33C3F002BB056 /* GoogleMobileAds */; };
		A305122A28B33C50002BB056 /* Shimmer in Frameworks */ = {isa = PBXBuildFile; productRef = A305122928B33C50002BB056 /* Shimmer */; };
		A33F930328AC90A800391EBB /* Seattle_Bridge_TrackerApp.swift in Sources */ = {isa = PBXBuildFile; fileRef = A33F930228AC90A800391EBB /* Seattle_Bridge_TrackerApp.swift */; };
		A33F930528AC90A800391EBB /* ContentView.swift in Sources */ = {isa = PBXBuildFile; fileRef = A33F930428AC90A800391EBB /* ContentView.swift */; };
		A33F930728AC90A900391EBB /* Assets.xcassets in Resources */ = {isa = PBXBuildFile; fileRef = A33F930628AC90A900391EBB /* Assets.xcassets */; };
		A33F930A28AC90A900391EBB /* Preview Assets.xcassets in Resources */ = {isa = PBXBuildFile; fileRef = A33F930928AC90A900391EBB /* Preview Assets.xcassets */; };
		A33F931328AC912500391EBB /* .gitignore in Resources */ = {isa = PBXBuildFile; fileRef = A33F931228AC912500391EBB /* .gitignore */; };
		A33F931528AC926100391EBB /* Fetch Data.swift in Sources */ = {isa = PBXBuildFile; fileRef = A33F931428AC926100391EBB /* Fetch Data.swift */; };
		A33F931928AC97A300391EBB /* .swiftlint.yml in Resources */ = {isa = PBXBuildFile; fileRef = A33F931828AC97A300391EBB /* .swiftlint.yml */; };
		A3413A0328AFDD5B0016710C /* Response.swift in Sources */ = {isa = PBXBuildFile; fileRef = A3413A0228AFDD5B0016710C /* Response.swift */; };
		A3413A0528AFDD680016710C /* ContentViewModel.swift in Sources */ = {isa = PBXBuildFile; fileRef = A3413A0428AFDD680016710C /* ContentViewModel.swift */; };
		A3413A1028B065BC0016710C /* Mcrich23-Toolkit in Frameworks */ = {isa = PBXBuildFile; productRef = A3413A0F28B065BC0016710C /* Mcrich23-Toolkit */; };
		A37E4BB028B1359E007644D5 /* Appfile in Resources */ = {isa = PBXBuildFile; fileRef = A37E4BAA28B1359D007644D5 /* Appfile */; };
		A37E4BB228B1359E007644D5 /* Fastfile in Resources */ = {isa = PBXBuildFile; fileRef = A37E4BAC28B1359D007644D5 /* Fastfile */; };
		A37E4BB328B1359E007644D5 /* README.md in Resources */ = {isa = PBXBuildFile; fileRef = A37E4BAD28B1359D007644D5 /* README.md */; };
		A37E4BB428B1359E007644D5 /* Precheckfile in Resources */ = {isa = PBXBuildFile; fileRef = A37E4BAE28B1359D007644D5 /* Precheckfile */; };
		A37E4BB528B1359E007644D5 /* report.xml in Resources */ = {isa = PBXBuildFile; fileRef = A37E4BAF28B1359D007644D5 /* report.xml */; };
		A37E4BB728B13627007644D5 /* Snapfile in Resources */ = {isa = PBXBuildFile; fileRef = A37E4BB628B13627007644D5 /* Snapfile */; };
		A37E8B3B28BB2DA200A6A8D4 /* Info.swift in Sources */ = {isa = PBXBuildFile; fileRef = A37E8B3A28BB2DA200A6A8D4 /* Info.swift */; };
		A394A80228BFBEE1003E5273 /* BridgeRow.swift in Sources */ = {isa = PBXBuildFile; fileRef = A394A80128BFBEE1003E5273 /* BridgeRow.swift */; };
		A394A80428BFBF64003E5273 /* HelpMenu.swift in Sources */ = {isa = PBXBuildFile; fileRef = A394A80328BFBF64003E5273 /* HelpMenu.swift */; };
		A394A80828C0725B003E5273 /* BridgeView.swift in Sources */ = {isa = PBXBuildFile; fileRef = A394A80728C0725B003E5273 /* BridgeView.swift */; };
		A3D22D7428C149C900AD4C0A /* HTTPStatusCodes in Frameworks */ = {isa = PBXBuildFile; productRef = A3D22D7328C149C900AD4C0A /* HTTPStatusCodes */; };
		A3D22D7528C14ADB00AD4C0A /* DummyPromo.json in Resources */ = {isa = PBXBuildFile; fileRef = A394A80D28C13C1F003E5273 /* DummyPromo.json */; };
		A3F2AFF228B2B5F900D38A59 /* Mcrich23-Toolkit in Frameworks */ = {isa = PBXBuildFile; productRef = A3F2AFF128B2B5F900D38A59 /* Mcrich23-Toolkit */; };
		A3F2AFF728B2B67B00D38A59 /* Banner Ads.swift in Sources */ = {isa = PBXBuildFile; fileRef = A3F2AFF528B2B67B00D38A59 /* Banner Ads.swift */; };
		A3F2AFFA28B2B7F500D38A59 /* Utilities.swift in Sources */ = {isa = PBXBuildFile; fileRef = A3F2AFF928B2B7F500D38A59 /* Utilities.swift */; };
/* End PBXBuildFile section */

/* Begin PBXContainerItemProxy section */
		224C81F529459999004C5722 /* PBXContainerItemProxy */ = {
			isa = PBXContainerItemProxy;
			containerPortal = A33F92F728AC90A800391EBB /* Project object */;
			proxyType = 1;
			remoteGlobalIDString = A33F92FE28AC90A800391EBB;
			remoteInfo = "Easy Bridge Tracker";
		};
		22AB7C79293EDF2A008BD92F /* PBXContainerItemProxy */ = {
			isa = PBXContainerItemProxy;
			containerPortal = A33F92F728AC90A800391EBB /* Project object */;
			proxyType = 1;
			remoteGlobalIDString = 22AB7C73293EDF2A008BD92F;
			remoteInfo = NotificationService;
		};
/* End PBXContainerItemProxy section */

/* Begin PBXCopyFilesBuildPhase section */
		22AB7C7C293EDF2B008BD92F /* Embed Foundation Extensions */ = {
			isa = PBXCopyFilesBuildPhase;
			buildActionMask = 2147483647;
			dstPath = "";
			dstSubfolderSpec = 13;
			files = (
				22AB7C7B293EDF2A008BD92F /* NotificationService.appex in Embed Foundation Extensions */,
			);
			name = "Embed Foundation Extensions";
			runOnlyForDeploymentPostprocessing = 0;
		};
/* End PBXCopyFilesBuildPhase section */

/* Begin PBXFileReference section */
		2222EBAB29D163B000837F79 /* NotificationPreferencesDecoder.swift */ = {isa = PBXFileReference; lastKnownFileType = sourcecode.swift; path = NotificationPreferencesDecoder.swift; sourceTree = "<group>"; };
		2222EBB329D18D2C00837F79 /* NotificationBridgeRow.swift */ = {isa = PBXFileReference; lastKnownFileType = sourcecode.swift; path = NotificationBridgeRow.swift; sourceTree = "<group>"; };
		2222EBB529D18EAD00837F79 /* NotificationContentView.swift */ = {isa = PBXFileReference; lastKnownFileType = sourcecode.swift; path = NotificationContentView.swift; sourceTree = "<group>"; };
		2224CDB629D1442B006D4338 /* NotificationPreferencesExample.json */ = {isa = PBXFileReference; fileEncoding = 4; lastKnownFileType = text.json; path = NotificationPreferencesExample.json; sourceTree = "<group>"; };
		2224CDBB29D15063006D4338 /* NotificationPreferencesView.swift */ = {isa = PBXFileReference; lastKnownFileType = sourcecode.swift; path = NotificationPreferencesView.swift; sourceTree = "<group>"; wrapsLines = 1; };
		2224CDBD29D150E2006D4338 /* NotificationPreferencesModel.swift */ = {isa = PBXFileReference; lastKnownFileType = sourcecode.swift; path = NotificationPreferencesModel.swift; sourceTree = "<group>"; wrapsLines = 1; };
		224C81EF29459999004C5722 /* Easy Bridge TrackerUITests.xctest */ = {isa = PBXFileReference; explicitFileType = wrapper.cfbundle; includeInIndex = 0; path = "Easy Bridge TrackerUITests.xctest"; sourceTree = BUILT_PRODUCTS_DIR; };
		2253E00C29DBC5430063DDE2 /* BridgeFilterView.swift */ = {isa = PBXFileReference; lastKnownFileType = sourcecode.swift; path = BridgeFilterView.swift; sourceTree = "<group>"; };
		2253E00E29DBCE840063DDE2 /* NotificationFavoritedCities.swift */ = {isa = PBXFileReference; lastKnownFileType = sourcecode.swift; path = NotificationFavoritedCities.swift; sourceTree = "<group>"; };
		2253E01029DBD2110063DDE2 /* FavoritesModel.swift */ = {isa = PBXFileReference; fileEncoding = 4; lastKnownFileType = sourcecode.swift; path = FavoritesModel.swift; sourceTree = "<group>"; };
		2288FF842A78409700932ED1 /* Credits.swift */ = {isa = PBXFileReference; lastKnownFileType = sourcecode.swift; path = Credits.swift; sourceTree = "<group>"; };
		229E72C629D1E6BB00A6DD8A /* NotificationPreferencesBody.swift */ = {isa = PBXFileReference; lastKnownFileType = sourcecode.swift; path = NotificationPreferencesBody.swift; sourceTree = "<group>"; };
		229E72C929D20CBC00A6DD8A /* NotificationPreferencesTimePicker.swift */ = {isa = PBXFileReference; lastKnownFileType = sourcecode.swift; path = NotificationPreferencesTimePicker.swift; sourceTree = "<group>"; };
		22AB7C74293EDF2A008BD92F /* NotificationService.appex */ = {isa = PBXFileReference; explicitFileType = "wrapper.app-extension"; includeInIndex = 0; path = NotificationService.appex; sourceTree = BUILT_PRODUCTS_DIR; };
		22AB7C76293EDF2A008BD92F /* NotificationService.swift */ = {isa = PBXFileReference; lastKnownFileType = sourcecode.swift; path = NotificationService.swift; sourceTree = "<group>"; };
		22AB7C78293EDF2A008BD92F /* Info.plist */ = {isa = PBXFileReference; lastKnownFileType = text.plist.xml; path = Info.plist; sourceTree = "<group>"; };
		22BB211629D20E80002F753B /* NotificationPreferencesImportance.swift */ = {isa = PBXFileReference; lastKnownFileType = sourcecode.swift; path = NotificationPreferencesImportance.swift; sourceTree = "<group>"; };
		22BB211829D20F0B002F753B /* NotificationPreferencesSelectedBridges.swift */ = {isa = PBXFileReference; lastKnownFileType = sourcecode.swift; path = NotificationPreferencesSelectedBridges.swift; sourceTree = "<group>"; };
		22BB211A29D2127A002F753B /* NotificationPreferenceDaysPicker.swift */ = {isa = PBXFileReference; lastKnownFileType = sourcecode.swift; path = NotificationPreferenceDaysPicker.swift; sourceTree = "<group>"; };
		22C28A0F2939785A00D37696 /* GoogleService-Info.plist */ = {isa = PBXFileReference; fileEncoding = 4; lastKnownFileType = text.plist.xml; path = "GoogleService-Info.plist"; sourceTree = "<group>"; };
		22C28A4829398F7800D37696 /* FPN Manager.swift */ = {isa = PBXFileReference; fileEncoding = 4; lastKnownFileType = sourcecode.swift; path = "FPN Manager.swift"; sourceTree = "<group>"; };
		22C28A4A2939DA6700D37696 /* Easy Bridge Tracker.entitlements */ = {isa = PBXFileReference; lastKnownFileType = text.plist.entitlements; path = "Easy Bridge Tracker.entitlements"; sourceTree = "<group>"; };
		22D460F429DBB54B00163E16 /* BridgesFilter.swift */ = {isa = PBXFileReference; lastKnownFileType = sourcecode.swift; path = BridgesFilter.swift; sourceTree = "<group>"; };
		22D460F629DBBA6700163E16 /* FavoritedCities.swift */ = {isa = PBXFileReference; lastKnownFileType = sourcecode.swift; path = FavoritedCities.swift; sourceTree = "<group>"; };
		22D8688529D2B25800E7D647 /* NotificationPreferencesActiveToggle.swift */ = {isa = PBXFileReference; lastKnownFileType = sourcecode.swift; path = NotificationPreferencesActiveToggle.swift; sourceTree = "<group>"; };
		22D8688729D2B5C600E7D647 /* NotificationPreferencesAd.swift */ = {isa = PBXFileReference; lastKnownFileType = sourcecode.swift; path = NotificationPreferencesAd.swift; sourceTree = "<group>"; };
		22D8688929D2BEA400E7D647 /* Purchase Service.swift */ = {isa = PBXFileReference; fileEncoding = 4; lastKnownFileType = sourcecode.swift; path = "Purchase Service.swift"; sourceTree = "<group>"; };
		22D8689029D2BF2600E7D647 /* AdController.swift */ = {isa = PBXFileReference; fileEncoding = 4; lastKnownFileType = sourcecode.swift; path = AdController.swift; sourceTree = "<group>"; };
		22D8689629D2CBFB00E7D647 /* NavigationBarLargeTitleItems.swift */ = {isa = PBXFileReference; fileEncoding = 4; lastKnownFileType = sourcecode.swift; path = NavigationBarLargeTitleItems.swift; sourceTree = "<group>"; };
		22D8689829D2CDF000E7D647 /* Configuration.storekit */ = {isa = PBXFileReference; lastKnownFileType = text; path = Configuration.storekit; sourceTree = "<group>"; };
		22EE942629D3664F00EB8889 /* TitleTextEditor.swift */ = {isa = PBXFileReference; lastKnownFileType = sourcecode.swift; path = TitleTextEditor.swift; sourceTree = "<group>"; };
		22F47FEA293C78DA00A4E654 /* RemoteConfigDefaults.plist */ = {isa = PBXFileReference; fileEncoding = 4; lastKnownFileType = text.plist.xml; path = RemoteConfigDefaults.plist; sourceTree = "<group>"; };
		A305122B28B33C8C002BB056 /* Mcrich23-Toolkit */ = {isa = PBXFileReference; lastKnownFileType = wrapper; name = "Mcrich23-Toolkit"; path = "../Packages/Mcrich23-Toolkit"; sourceTree = "<group>"; };
		A33F92FF28AC90A800391EBB /* Easy Bridge Tracker.app */ = {isa = PBXFileReference; explicitFileType = wrapper.application; includeInIndex = 0; path = "Easy Bridge Tracker.app"; sourceTree = BUILT_PRODUCTS_DIR; };
		A33F930228AC90A800391EBB /* Seattle_Bridge_TrackerApp.swift */ = {isa = PBXFileReference; lastKnownFileType = sourcecode.swift; path = Seattle_Bridge_TrackerApp.swift; sourceTree = "<group>"; };
		A33F930428AC90A800391EBB /* ContentView.swift */ = {isa = PBXFileReference; lastKnownFileType = sourcecode.swift; path = ContentView.swift; sourceTree = "<group>"; };
		A33F930628AC90A900391EBB /* Assets.xcassets */ = {isa = PBXFileReference; lastKnownFileType = folder.assetcatalog; path = Assets.xcassets; sourceTree = "<group>"; };
		A33F930928AC90A900391EBB /* Preview Assets.xcassets */ = {isa = PBXFileReference; lastKnownFileType = folder.assetcatalog; path = "Preview Assets.xcassets"; sourceTree = "<group>"; };
		A33F931228AC912500391EBB /* .gitignore */ = {isa = PBXFileReference; fileEncoding = 4; lastKnownFileType = text; path = .gitignore; sourceTree = "<group>"; };
		A33F931428AC926100391EBB /* Fetch Data.swift */ = {isa = PBXFileReference; lastKnownFileType = sourcecode.swift; path = "Fetch Data.swift"; sourceTree = "<group>"; };
		A33F931828AC97A300391EBB /* .swiftlint.yml */ = {isa = PBXFileReference; fileEncoding = 4; lastKnownFileType = text.yaml; path = .swiftlint.yml; sourceTree = "<group>"; };
		A3413A0228AFDD5B0016710C /* Response.swift */ = {isa = PBXFileReference; fileEncoding = 4; lastKnownFileType = sourcecode.swift; path = Response.swift; sourceTree = "<group>"; };
		A3413A0428AFDD680016710C /* ContentViewModel.swift */ = {isa = PBXFileReference; fileEncoding = 4; lastKnownFileType = sourcecode.swift; path = ContentViewModel.swift; sourceTree = "<group>"; wrapsLines = 1; };
		A3413A0828AFEDA00016710C /* Seattle-Bridge-Tracker-Info.plist */ = {isa = PBXFileReference; lastKnownFileType = text.plist; path = "Seattle-Bridge-Tracker-Info.plist"; sourceTree = SOURCE_ROOT; };
		A37E4BAA28B1359D007644D5 /* Appfile */ = {isa = PBXFileReference; fileEncoding = 4; lastKnownFileType = text; path = Appfile; sourceTree = "<group>"; };
		A37E4BAB28B1359D007644D5 /* SnapshotHelper.swift */ = {isa = PBXFileReference; fileEncoding = 4; lastKnownFileType = sourcecode.swift; path = SnapshotHelper.swift; sourceTree = "<group>"; };
		A37E4BAC28B1359D007644D5 /* Fastfile */ = {isa = PBXFileReference; fileEncoding = 4; lastKnownFileType = text; path = Fastfile; sourceTree = "<group>"; };
		A37E4BAD28B1359D007644D5 /* README.md */ = {isa = PBXFileReference; fileEncoding = 4; lastKnownFileType = net.daringfireball.markdown; path = README.md; sourceTree = "<group>"; };
		A37E4BAE28B1359D007644D5 /* Precheckfile */ = {isa = PBXFileReference; fileEncoding = 4; lastKnownFileType = text; path = Precheckfile; sourceTree = "<group>"; };
		A37E4BAF28B1359D007644D5 /* report.xml */ = {isa = PBXFileReference; fileEncoding = 4; lastKnownFileType = text.xml; path = report.xml; sourceTree = "<group>"; };
		A37E4BB628B13627007644D5 /* Snapfile */ = {isa = PBXFileReference; fileEncoding = 4; lastKnownFileType = text; path = Snapfile; sourceTree = "<group>"; };
		A37E4BBE28B13720007644D5 /* Easy_Bridge_TrackerUITests.swift */ = {isa = PBXFileReference; lastKnownFileType = sourcecode.swift; path = Easy_Bridge_TrackerUITests.swift; sourceTree = "<group>"; };
		A37E8B3A28BB2DA200A6A8D4 /* Info.swift */ = {isa = PBXFileReference; lastKnownFileType = sourcecode.swift; path = Info.swift; sourceTree = "<group>"; };
		A394A80128BFBEE1003E5273 /* BridgeRow.swift */ = {isa = PBXFileReference; lastKnownFileType = sourcecode.swift; path = BridgeRow.swift; sourceTree = "<group>"; };
		A394A80328BFBF64003E5273 /* HelpMenu.swift */ = {isa = PBXFileReference; lastKnownFileType = sourcecode.swift; path = HelpMenu.swift; sourceTree = "<group>"; };
		A394A80728C0725B003E5273 /* BridgeView.swift */ = {isa = PBXFileReference; lastKnownFileType = sourcecode.swift; path = BridgeView.swift; sourceTree = "<group>"; };
		A394A80D28C13C1F003E5273 /* DummyPromo.json */ = {isa = PBXFileReference; lastKnownFileType = text.json; path = DummyPromo.json; sourceTree = "<group>"; };
		A3F2AFF528B2B67B00D38A59 /* Banner Ads.swift */ = {isa = PBXFileReference; fileEncoding = 4; lastKnownFileType = sourcecode.swift; path = "Banner Ads.swift"; sourceTree = "<group>"; };
		A3F2AFF928B2B7F500D38A59 /* Utilities.swift */ = {isa = PBXFileReference; lastKnownFileType = sourcecode.swift; path = Utilities.swift; sourceTree = "<group>"; };
/* End PBXFileReference section */

/* Begin PBXFrameworksBuildPhase section */
		224C81EC29459999004C5722 /* Frameworks */ = {
			isa = PBXFrameworksBuildPhase;
			buildActionMask = 2147483647;
			files = (
			);
			runOnlyForDeploymentPostprocessing = 0;
		};
		22AB7C71293EDF2A008BD92F /* Frameworks */ = {
			isa = PBXFrameworksBuildPhase;
			buildActionMask = 2147483647;
			files = (
				22AB7C81293EDFA4008BD92F /* FirebaseMessaging in Frameworks */,
			);
			runOnlyForDeploymentPostprocessing = 0;
		};
		A33F92FC28AC90A800391EBB /* Frameworks */ = {
			isa = PBXFrameworksBuildPhase;
			buildActionMask = 2147483647;
			files = (
				2222EBB029D1779900837F79 /* ScrollViewIfNeeded in Frameworks */,
				221BEC7D29D1A1420099A015 /* SwiftUIMap in Frameworks */,
				22C28A2D29397B9500D37696 /* FirebaseFirestoreCombine-Community in Frameworks */,
				22C28A2529397B9500D37696 /* FirebaseDatabase in Frameworks */,
				A3D22D7428C149C900AD4C0A /* HTTPStatusCodes in Frameworks */,
				A305122A28B33C50002BB056 /* Shimmer in Frameworks */,
				22C28A4529397B9500D37696 /* FirebaseStorage in Frameworks */,
				22C28A1329397B9500D37696 /* FirebaseAnalytics in Frameworks */,
				22C28A2329397B9500D37696 /* FirebaseCrashlytics in Frameworks */,
				22C28A2B29397B9500D37696 /* FirebaseFirestore in Frameworks */,
				22C28A2929397B9500D37696 /* FirebaseDynamicLinks in Frameworks */,
				22C28A3B29397B9500D37696 /* FirebaseMessaging in Frameworks */,
				22C28A4729397B9500D37696 /* FirebaseStorageCombine-Community in Frameworks */,
				22C28A1529397B9500D37696 /* FirebaseAnalyticsOnDeviceConversion in Frameworks */,
				22C28A3329397B9500D37696 /* FirebaseFunctionsCombine-Community in Frameworks */,
				22C28A3729397B9500D37696 /* FirebaseInAppMessagingSwift-Beta in Frameworks */,
				22C28A3529397B9500D37696 /* FirebaseInAppMessaging-Beta in Frameworks */,
				22C28A2129397B9500D37696 /* FirebaseAuthCombine-Community in Frameworks */,
				22C28A3F29397B9500D37696 /* FirebasePerformance in Frameworks */,
				22C28A1729397B9500D37696 /* FirebaseAnalyticsSwift in Frameworks */,
				22C28A2729397B9500D37696 /* FirebaseDatabaseSwift in Frameworks */,
				A305122728B33C3F002BB056 /* GoogleMobileAds in Frameworks */,
				A3F2AFF228B2B5F900D38A59 /* Mcrich23-Toolkit in Frameworks */,
				22C28A4129397B9500D37696 /* FirebaseRemoteConfig in Frameworks */,
				22D8688D29D2BEDC00E7D647 /* ReceiptParser in Frameworks */,
				22C28A1F29397B9500D37696 /* FirebaseAuth in Frameworks */,
				22C28A3129397B9500D37696 /* FirebaseFunctions in Frameworks */,
				22C28A3929397B9500D37696 /* FirebaseInstallations in Frameworks */,
				22C28A2F29397B9500D37696 /* FirebaseFirestoreSwift in Frameworks */,
				22C28A1929397B9500D37696 /* FirebaseAnalyticsWithoutAdIdSupport in Frameworks */,
				22C28A1B29397B9500D37696 /* FirebaseAppCheck in Frameworks */,
				22C28A3D29397B9500D37696 /* FirebaseMLModelDownloader in Frameworks */,
				22D8688F29D2BEDC00E7D647 /* RevenueCat in Frameworks */,
				222C722F2A89B28200470C25 /* LocalConsole in Frameworks */,
				22C28A4329397B9500D37696 /* FirebaseRemoteConfigSwift in Frameworks */,
				22C28A1D29397B9500D37696 /* FirebaseAppDistribution-Beta in Frameworks */,
				A3413A1028B065BC0016710C /* Mcrich23-Toolkit in Frameworks */,
			);
			runOnlyForDeploymentPostprocessing = 0;
		};
/* End PBXFrameworksBuildPhase section */

/* Begin PBXGroup section */
		2222EBB129D18CFB00837F79 /* Content View */ = {
			isa = PBXGroup;
			children = (
				A33F930428AC90A800391EBB /* ContentView.swift */,
				2253E00C29DBC5430063DDE2 /* BridgeFilterView.swift */,
				22D460F629DBBA6700163E16 /* FavoritedCities.swift */,
				A3413A0428AFDD680016710C /* ContentViewModel.swift */,
				A394A80128BFBEE1003E5273 /* BridgeRow.swift */,
				22D460F429DBB54B00163E16 /* BridgesFilter.swift */,
				2253E01029DBD2110063DDE2 /* FavoritesModel.swift */,
			);
			path = "Content View";
			sourceTree = "<group>";
		};
		2222EBB229D18D0C00837F79 /* Notification Preferences */ = {
			isa = PBXGroup;
			children = (
				2224CDBB29D15063006D4338 /* NotificationPreferencesView.swift */,
				229E72C629D1E6BB00A6DD8A /* NotificationPreferencesBody.swift */,
				22D8688729D2B5C600E7D647 /* NotificationPreferencesAd.swift */,
				22EE942629D3664F00EB8889 /* TitleTextEditor.swift */,
				229E72C829D20CAE00A6DD8A /* Body Components */,
				2224CDBD29D150E2006D4338 /* NotificationPreferencesModel.swift */,
				2222EBAB29D163B000837F79 /* NotificationPreferencesDecoder.swift */,
				2222EBB529D18EAD00837F79 /* NotificationContentView.swift */,
				2253E00E29DBCE840063DDE2 /* NotificationFavoritedCities.swift */,
				2222EBB329D18D2C00837F79 /* NotificationBridgeRow.swift */,
			);
			path = "Notification Preferences";
			sourceTree = "<group>";
		};
		229E72C829D20CAE00A6DD8A /* Body Components */ = {
			isa = PBXGroup;
			children = (
				22BB211A29D2127A002F753B /* NotificationPreferenceDaysPicker.swift */,
				229E72C929D20CBC00A6DD8A /* NotificationPreferencesTimePicker.swift */,
				22BB211629D20E80002F753B /* NotificationPreferencesImportance.swift */,
				22BB211829D20F0B002F753B /* NotificationPreferencesSelectedBridges.swift */,
				22D8688529D2B25800E7D647 /* NotificationPreferencesActiveToggle.swift */,
			);
			path = "Body Components";
			sourceTree = "<group>";
		};
		22AB7C75293EDF2A008BD92F /* NotificationService */ = {
			isa = PBXGroup;
			children = (
				22AB7C76293EDF2A008BD92F /* NotificationService.swift */,
				22AB7C78293EDF2A008BD92F /* Info.plist */,
			);
			path = NotificationService;
			sourceTree = "<group>";
		};
		A33F92F628AC90A800391EBB = {
			isa = PBXGroup;
			children = (
				22C28A4A2939DA6700D37696 /* Easy Bridge Tracker.entitlements */,
				A33F931228AC912500391EBB /* .gitignore */,
				A33F931828AC97A300391EBB /* .swiftlint.yml */,
				A33F930128AC90A800391EBB /* Seattle Bridge Tracker */,
				A3413A1128B069220016710C /* Packages */,
				A37E4BA928B1359D007644D5 /* fastlane */,
				A37E4BBD28B13720007644D5 /* Easy Bridge TrackerUITests */,
				22AB7C75293EDF2A008BD92F /* NotificationService */,
				A33F930028AC90A800391EBB /* Products */,
				A37E59D828C1487F00037758 /* Frameworks */,
			);
			sourceTree = "<group>";
		};
		A33F930028AC90A800391EBB /* Products */ = {
			isa = PBXGroup;
			children = (
				A33F92FF28AC90A800391EBB /* Easy Bridge Tracker.app */,
				22AB7C74293EDF2A008BD92F /* NotificationService.appex */,
				224C81EF29459999004C5722 /* Easy Bridge TrackerUITests.xctest */,
			);
			name = Products;
			sourceTree = "<group>";
		};
		A33F930128AC90A800391EBB /* Seattle Bridge Tracker */ = {
			isa = PBXGroup;
			children = (
				A3413A0828AFEDA00016710C /* Seattle-Bridge-Tracker-Info.plist */,
				22C28A0F2939785A00D37696 /* GoogleService-Info.plist */,
				22F47FEA293C78DA00A4E654 /* RemoteConfigDefaults.plist */,
				A33F930228AC90A800391EBB /* Seattle_Bridge_TrackerApp.swift */,
				22C28A4829398F7800D37696 /* FPN Manager.swift */,
				A3F2AFF928B2B7F500D38A59 /* Utilities.swift */,
				22D8689029D2BF2600E7D647 /* AdController.swift */,
				22D8688929D2BEA400E7D647 /* Purchase Service.swift */,
				22D8689829D2CDF000E7D647 /* Configuration.storekit */,
				2222EBB229D18D0C00837F79 /* Notification Preferences */,
				2222EBB129D18CFB00837F79 /* Content View */,
				A394A80728C0725B003E5273 /* BridgeView.swift */,
				A394A80328BFBF64003E5273 /* HelpMenu.swift */,
				A37E8B3A28BB2DA200A6A8D4 /* Info.swift */,
				22D8689629D2CBFB00E7D647 /* NavigationBarLargeTitleItems.swift */,
				A33F931428AC926100391EBB /* Fetch Data.swift */,
				2288FF842A78409700932ED1 /* Credits.swift */,
				A3413A0228AFDD5B0016710C /* Response.swift */,
				2224CDB629D1442B006D4338 /* NotificationPreferencesExample.json */,
				A394A80D28C13C1F003E5273 /* DummyPromo.json */,
				A3F2AFF428B2B67B00D38A59 /* AdMob */,
				A33F930628AC90A900391EBB /* Assets.xcassets */,
				A33F930828AC90A900391EBB /* Preview Content */,
			);
			path = "Seattle Bridge Tracker";
			sourceTree = "<group>";
		};
		A33F930828AC90A900391EBB /* Preview Content */ = {
			isa = PBXGroup;
			children = (
				A33F930928AC90A900391EBB /* Preview Assets.xcassets */,
			);
			path = "Preview Content";
			sourceTree = "<group>";
		};
		A3413A1128B069220016710C /* Packages */ = {
			isa = PBXGroup;
			children = (
				A305122B28B33C8C002BB056 /* Mcrich23-Toolkit */,
			);
			name = Packages;
			sourceTree = "<group>";
		};
		A37E4BA928B1359D007644D5 /* fastlane */ = {
			isa = PBXGroup;
			children = (
				A37E4BAA28B1359D007644D5 /* Appfile */,
				A37E4BB628B13627007644D5 /* Snapfile */,
				A37E4BAC28B1359D007644D5 /* Fastfile */,
				A37E4BAD28B1359D007644D5 /* README.md */,
				A37E4BAE28B1359D007644D5 /* Precheckfile */,
				A37E4BAF28B1359D007644D5 /* report.xml */,
			);
			path = fastlane;
			sourceTree = "<group>";
		};
		A37E4BBD28B13720007644D5 /* Easy Bridge TrackerUITests */ = {
			isa = PBXGroup;
			children = (
				A37E4BAB28B1359D007644D5 /* SnapshotHelper.swift */,
				A37E4BBE28B13720007644D5 /* Easy_Bridge_TrackerUITests.swift */,
			);
			path = "Easy Bridge TrackerUITests";
			sourceTree = "<group>";
		};
		A37E59D828C1487F00037758 /* Frameworks */ = {
			isa = PBXGroup;
			children = (
			);
			name = Frameworks;
			sourceTree = "<group>";
		};
		A3F2AFF428B2B67B00D38A59 /* AdMob */ = {
			isa = PBXGroup;
			children = (
				A3F2AFF528B2B67B00D38A59 /* Banner Ads.swift */,
			);
			path = AdMob;
			sourceTree = "<group>";
		};
/* End PBXGroup section */

/* Begin PBXNativeTarget section */
		224C81EE29459999004C5722 /* Easy Bridge TrackerUITests */ = {
			isa = PBXNativeTarget;
			buildConfigurationList = 224C81F729459999004C5722 /* Build configuration list for PBXNativeTarget "Easy Bridge TrackerUITests" */;
			buildPhases = (
				224C81EB29459999004C5722 /* Sources */,
				224C81EC29459999004C5722 /* Frameworks */,
				224C81ED29459999004C5722 /* Resources */,
			);
			buildRules = (
			);
			dependencies = (
				224C81F629459999004C5722 /* PBXTargetDependency */,
			);
			name = "Easy Bridge TrackerUITests";
			productName = "Easy Bridge TrackerUITests";
			productReference = 224C81EF29459999004C5722 /* Easy Bridge TrackerUITests.xctest */;
			productType = "com.apple.product-type.bundle.ui-testing";
		};
		22AB7C73293EDF2A008BD92F /* NotificationService */ = {
			isa = PBXNativeTarget;
			buildConfigurationList = 22AB7C7F293EDF2B008BD92F /* Build configuration list for PBXNativeTarget "NotificationService" */;
			buildPhases = (
				22AB7C70293EDF2A008BD92F /* Sources */,
				22AB7C71293EDF2A008BD92F /* Frameworks */,
				22AB7C72293EDF2A008BD92F /* Resources */,
			);
			buildRules = (
			);
			dependencies = (
			);
			name = NotificationService;
			packageProductDependencies = (
				22AB7C80293EDFA4008BD92F /* FirebaseMessaging */,
			);
			productName = NotificationService;
			productReference = 22AB7C74293EDF2A008BD92F /* NotificationService.appex */;
			productType = "com.apple.product-type.app-extension";
		};
		A33F92FE28AC90A800391EBB /* Easy Bridge Tracker */ = {
			isa = PBXNativeTarget;
			buildConfigurationList = A33F930D28AC90A900391EBB /* Build configuration list for PBXNativeTarget "Easy Bridge Tracker" */;
			buildPhases = (
				A33F92FB28AC90A800391EBB /* Sources */,
				A33F92FC28AC90A800391EBB /* Frameworks */,
				A33F92FD28AC90A800391EBB /* Resources */,
				A33F931A28AC97BA00391EBB /* ShellScript */,
				22AB7C7C293EDF2B008BD92F /* Embed Foundation Extensions */,
			);
			buildRules = (
			);
			dependencies = (
				22AB7C7A293EDF2A008BD92F /* PBXTargetDependency */,
			);
			name = "Easy Bridge Tracker";
			packageProductDependencies = (
				A3413A0F28B065BC0016710C /* Mcrich23-Toolkit */,
				A3F2AFF128B2B5F900D38A59 /* Mcrich23-Toolkit */,
				A305122628B33C3F002BB056 /* GoogleMobileAds */,
				A305122928B33C50002BB056 /* Shimmer */,
				A3D22D7328C149C900AD4C0A /* HTTPStatusCodes */,
				22C28A1229397B9500D37696 /* FirebaseAnalytics */,
				22C28A1429397B9500D37696 /* FirebaseAnalyticsOnDeviceConversion */,
				22C28A1629397B9500D37696 /* FirebaseAnalyticsSwift */,
				22C28A1829397B9500D37696 /* FirebaseAnalyticsWithoutAdIdSupport */,
				22C28A1A29397B9500D37696 /* FirebaseAppCheck */,
				22C28A1C29397B9500D37696 /* FirebaseAppDistribution-Beta */,
				22C28A1E29397B9500D37696 /* FirebaseAuth */,
				22C28A2029397B9500D37696 /* FirebaseAuthCombine-Community */,
				22C28A2229397B9500D37696 /* FirebaseCrashlytics */,
				22C28A2429397B9500D37696 /* FirebaseDatabase */,
				22C28A2629397B9500D37696 /* FirebaseDatabaseSwift */,
				22C28A2829397B9500D37696 /* FirebaseDynamicLinks */,
				22C28A2A29397B9500D37696 /* FirebaseFirestore */,
				22C28A2C29397B9500D37696 /* FirebaseFirestoreCombine-Community */,
				22C28A2E29397B9500D37696 /* FirebaseFirestoreSwift */,
				22C28A3029397B9500D37696 /* FirebaseFunctions */,
				22C28A3229397B9500D37696 /* FirebaseFunctionsCombine-Community */,
				22C28A3429397B9500D37696 /* FirebaseInAppMessaging-Beta */,
				22C28A3629397B9500D37696 /* FirebaseInAppMessagingSwift-Beta */,
				22C28A3829397B9500D37696 /* FirebaseInstallations */,
				22C28A3A29397B9500D37696 /* FirebaseMessaging */,
				22C28A3C29397B9500D37696 /* FirebaseMLModelDownloader */,
				22C28A3E29397B9500D37696 /* FirebasePerformance */,
				22C28A4029397B9500D37696 /* FirebaseRemoteConfig */,
				22C28A4229397B9500D37696 /* FirebaseRemoteConfigSwift */,
				22C28A4429397B9500D37696 /* FirebaseStorage */,
				22C28A4629397B9500D37696 /* FirebaseStorageCombine-Community */,
				2222EBAF29D1779900837F79 /* ScrollViewIfNeeded */,
				221BEC7C29D1A1420099A015 /* SwiftUIMap */,
				22D8688C29D2BEDC00E7D647 /* ReceiptParser */,
				22D8688E29D2BEDC00E7D647 /* RevenueCat */,
				222C722E2A89B28200470C25 /* LocalConsole */,
			);
			productName = "Seattle Bridge Tracker";
			productReference = A33F92FF28AC90A800391EBB /* Easy Bridge Tracker.app */;
			productType = "com.apple.product-type.application";
		};
/* End PBXNativeTarget section */

/* Begin PBXProject section */
		A33F92F728AC90A800391EBB /* Project object */ = {
			isa = PBXProject;
			attributes = {
				BuildIndependentTargetsInParallel = 1;
				LastSwiftUpdateCheck = 1410;
				LastUpgradeCheck = 1340;
				TargetAttributes = {
					224C81EE29459999004C5722 = {
						CreatedOnToolsVersion = 14.1;
						TestTargetID = A33F92FE28AC90A800391EBB;
					};
					22AB7C73293EDF2A008BD92F = {
						CreatedOnToolsVersion = 14.1;
					};
					A33F92FE28AC90A800391EBB = {
						CreatedOnToolsVersion = 13.4.1;
					};
				};
			};
			buildConfigurationList = A33F92FA28AC90A800391EBB /* Build configuration list for PBXProject "Easy Bridge Tracker" */;
			compatibilityVersion = "Xcode 13.0";
			developmentRegion = en;
			hasScannedForEncodings = 0;
			knownRegions = (
				en,
				Base,
			);
			mainGroup = A33F92F628AC90A800391EBB;
			packageReferences = (
				A3413A0E28B065BC0016710C /* XCRemoteSwiftPackageReference "Mcrich23-Toolkit" */,
				A305122528B33C3F002BB056 /* XCRemoteSwiftPackageReference "GoogleMobileAds" */,
				A305122828B33C50002BB056 /* XCRemoteSwiftPackageReference "SwiftUI-Shimmer" */,
				A3D22D7228C149C900AD4C0A /* XCRemoteSwiftPackageReference "SwiftHTTPStatusCodes" */,
				22C28A1129397B5400D37696 /* XCRemoteSwiftPackageReference "firebase-ios-sdk" */,
				2222EBAE29D1779900837F79 /* XCRemoteSwiftPackageReference "ScrollViewIfNeeded" */,
				221BEC7B29D1A1420099A015 /* XCRemoteSwiftPackageReference "SwiftUIMap" */,
				22D8688B29D2BEDC00E7D647 /* XCRemoteSwiftPackageReference "purchases-ios" */,
				222C722D2A89B28200470C25 /* XCRemoteSwiftPackageReference "LocalConsole" */,
			);
			productRefGroup = A33F930028AC90A800391EBB /* Products */;
			projectDirPath = "";
			projectRoot = "";
			targets = (
				A33F92FE28AC90A800391EBB /* Easy Bridge Tracker */,
				22AB7C73293EDF2A008BD92F /* NotificationService */,
				224C81EE29459999004C5722 /* Easy Bridge TrackerUITests */,
			);
		};
/* End PBXProject section */

/* Begin PBXResourcesBuildPhase section */
		224C81ED29459999004C5722 /* Resources */ = {
			isa = PBXResourcesBuildPhase;
			buildActionMask = 2147483647;
			files = (
			);
			runOnlyForDeploymentPostprocessing = 0;
		};
		22AB7C72293EDF2A008BD92F /* Resources */ = {
			isa = PBXResourcesBuildPhase;
			buildActionMask = 2147483647;
			files = (
				2224CDB829D1442D006D4338 /* NotificationPreferencesExample.json in Resources */,
			);
			runOnlyForDeploymentPostprocessing = 0;
		};
		A33F92FD28AC90A800391EBB /* Resources */ = {
			isa = PBXResourcesBuildPhase;
			buildActionMask = 2147483647;
			files = (
				A3D22D7528C14ADB00AD4C0A /* DummyPromo.json in Resources */,
				22D8689929D2CDF100E7D647 /* Configuration.storekit in Resources */,
				A37E4BB728B13627007644D5 /* Snapfile in Resources */,
				22C28A102939785A00D37696 /* GoogleService-Info.plist in Resources */,
				A37E4BB528B1359E007644D5 /* report.xml in Resources */,
				22F47FEB293C78DA00A4E654 /* RemoteConfigDefaults.plist in Resources */,
				2224CDB729D1442B006D4338 /* NotificationPreferencesExample.json in Resources */,
				A37E4BB228B1359E007644D5 /* Fastfile in Resources */,
				A37E4BB428B1359E007644D5 /* Precheckfile in Resources */,
				A33F931928AC97A300391EBB /* .swiftlint.yml in Resources */,
				A37E4BB028B1359E007644D5 /* Appfile in Resources */,
				A37E4BB328B1359E007644D5 /* README.md in Resources */,
				A33F930A28AC90A900391EBB /* Preview Assets.xcassets in Resources */,
				A33F931328AC912500391EBB /* .gitignore in Resources */,
				A33F930728AC90A900391EBB /* Assets.xcassets in Resources */,
			);
			runOnlyForDeploymentPostprocessing = 0;
		};
/* End PBXResourcesBuildPhase section */

/* Begin PBXShellScriptBuildPhase section */
		A33F931A28AC97BA00391EBB /* ShellScript */ = {
			isa = PBXShellScriptBuildPhase;
			alwaysOutOfDate = 1;
			buildActionMask = 2147483647;
			files = (
			);
			inputFileListPaths = (
			);
			inputPaths = (
			);
			outputFileListPaths = (
			);
			outputPaths = (
			);
			runOnlyForDeploymentPostprocessing = 0;
			shellPath = /bin/sh;
			shellScript = "# Type a script or drag a script file from your workspace to insert its path.\nif test -d \"/opt/homebrew/bin/\"; then\n  PATH=\"/opt/homebrew/bin/:${PATH}\"\nfi\n\nexport PATH\n\nif which swiftlint >/dev/null; then\n  swiftlint\nelse\n  echo \"warning: SwiftLint not installed, download from https://github#.com/realm/SwiftLint\"\nfi\n";
		};
/* End PBXShellScriptBuildPhase section */

/* Begin PBXSourcesBuildPhase section */
		224C81EB29459999004C5722 /* Sources */ = {
			isa = PBXSourcesBuildPhase;
			buildActionMask = 2147483647;
			files = (
				224C81FA29459B33004C5722 /* Easy_Bridge_TrackerUITests.swift in Sources */,
				224C81FB29459B47004C5722 /* SnapshotHelper.swift in Sources */,
			);
			runOnlyForDeploymentPostprocessing = 0;
		};
		22AB7C70293EDF2A008BD92F /* Sources */ = {
			isa = PBXSourcesBuildPhase;
			buildActionMask = 2147483647;
			files = (
				2253C9BC29D1940A00F22F3B /* NotificationPreferencesDecoder.swift in Sources */,
				22AB7C77293EDF2A008BD92F /* NotificationService.swift in Sources */,
			);
			runOnlyForDeploymentPostprocessing = 0;
		};
		A33F92FB28AC90A800391EBB /* Sources */ = {
			isa = PBXSourcesBuildPhase;
			buildActionMask = 2147483647;
			files = (
				22D460F729DBBA6700163E16 /* FavoritedCities.swift in Sources */,
				22D8688829D2B5C600E7D647 /* NotificationPreferencesAd.swift in Sources */,
				229E72C729D1E6BB00A6DD8A /* NotificationPreferencesBody.swift in Sources */,
				22EE942729D3664F00EB8889 /* TitleTextEditor.swift in Sources */,
				2224CDC029D15105006D4338 /* NotificationPreferencesView.swift in Sources */,
				A3413A0328AFDD5B0016710C /* Response.swift in Sources */,
				22D8689129D2BF2600E7D647 /* AdController.swift in Sources */,
				A37E8B3B28BB2DA200A6A8D4 /* Info.swift in Sources */,
				22BB211B29D2127A002F753B /* NotificationPreferenceDaysPicker.swift in Sources */,
				229E72CA29D20CBC00A6DD8A /* NotificationPreferencesTimePicker.swift in Sources */,
				A3F2AFF728B2B67B00D38A59 /* Banner Ads.swift in Sources */,
				A394A80828C0725B003E5273 /* BridgeView.swift in Sources */,
				22D460F529DBB54B00163E16 /* BridgesFilter.swift in Sources */,
				A3F2AFFA28B2B7F500D38A59 /* Utilities.swift in Sources */,
				A33F930528AC90A800391EBB /* ContentView.swift in Sources */,
				2253E01129DBD2110063DDE2 /* FavoritesModel.swift in Sources */,
				A33F930328AC90A800391EBB /* Seattle_Bridge_TrackerApp.swift in Sources */,
				2224CDBF29D15102006D4338 /* NotificationPreferencesModel.swift in Sources */,
				22BB211729D20E80002F753B /* NotificationPreferencesImportance.swift in Sources */,
				A33F931528AC926100391EBB /* Fetch Data.swift in Sources */,
				A394A80228BFBEE1003E5273 /* BridgeRow.swift in Sources */,
				22C28A4929398F7900D37696 /* FPN Manager.swift in Sources */,
				2253E00F29DBCE840063DDE2 /* NotificationFavoritedCities.swift in Sources */,
				A3413A0528AFDD680016710C /* ContentViewModel.swift in Sources */,
				22D8688A29D2BEA400E7D647 /* Purchase Service.swift in Sources */,
				22D8689729D2CBFB00E7D647 /* NavigationBarLargeTitleItems.swift in Sources */,
				2288FF852A78409700932ED1 /* Credits.swift in Sources */,
				2222EBAC29D163B000837F79 /* NotificationPreferencesDecoder.swift in Sources */,
				A394A80428BFBF64003E5273 /* HelpMenu.swift in Sources */,
				2222EBB429D18D2C00837F79 /* NotificationBridgeRow.swift in Sources */,
				2222EBB629D18EAD00837F79 /* NotificationContentView.swift in Sources */,
				22BB211929D20F0B002F753B /* NotificationPreferencesSelectedBridges.swift in Sources */,
				2253E00D29DBC5430063DDE2 /* BridgeFilterView.swift in Sources */,
				22D8688629D2B25800E7D647 /* NotificationPreferencesActiveToggle.swift in Sources */,
			);
			runOnlyForDeploymentPostprocessing = 0;
		};
/* End PBXSourcesBuildPhase section */

/* Begin PBXTargetDependency section */
		224C81F629459999004C5722 /* PBXTargetDependency */ = {
			isa = PBXTargetDependency;
			target = A33F92FE28AC90A800391EBB /* Easy Bridge Tracker */;
			targetProxy = 224C81F529459999004C5722 /* PBXContainerItemProxy */;
		};
		22AB7C7A293EDF2A008BD92F /* PBXTargetDependency */ = {
			isa = PBXTargetDependency;
			target = 22AB7C73293EDF2A008BD92F /* NotificationService */;
			targetProxy = 22AB7C79293EDF2A008BD92F /* PBXContainerItemProxy */;
		};
/* End PBXTargetDependency section */

/* Begin XCBuildConfiguration section */
		224C81F829459999004C5722 /* Debug */ = {
			isa = XCBuildConfiguration;
			buildSettings = {
				CLANG_CXX_LANGUAGE_STANDARD = "gnu++20";
				CODE_SIGN_STYLE = Automatic;
				CURRENT_PROJECT_VERSION = 3;
				DEVELOPMENT_TEAM = L7JQRVXU2V;
				GENERATE_INFOPLIST_FILE = YES;
				IPHONEOS_DEPLOYMENT_TARGET = 14.0;
				MARKETING_VERSION = 1.0;
				PRODUCT_BUNDLE_IDENTIFIER = "com.Mcrich23.Easy-Bridge-TrackerUITests";
				PRODUCT_NAME = "$(TARGET_NAME)";
				SWIFT_EMIT_LOC_STRINGS = NO;
				SWIFT_VERSION = 5.0;
				TARGETED_DEVICE_FAMILY = "1,2";
				TEST_TARGET_NAME = "Easy Bridge Tracker";
			};
			name = Debug;
		};
		224C81F929459999004C5722 /* Release */ = {
			isa = XCBuildConfiguration;
			buildSettings = {
				CLANG_CXX_LANGUAGE_STANDARD = "gnu++20";
				CODE_SIGN_STYLE = Automatic;
				CURRENT_PROJECT_VERSION = 3;
				DEVELOPMENT_TEAM = L7JQRVXU2V;
				GENERATE_INFOPLIST_FILE = YES;
				IPHONEOS_DEPLOYMENT_TARGET = 14.0;
				MARKETING_VERSION = 1.0;
				PRODUCT_BUNDLE_IDENTIFIER = "com.Mcrich23.Easy-Bridge-TrackerUITests";
				PRODUCT_NAME = "$(TARGET_NAME)";
				SWIFT_EMIT_LOC_STRINGS = NO;
				SWIFT_VERSION = 5.0;
				TARGETED_DEVICE_FAMILY = "1,2";
				TEST_TARGET_NAME = "Easy Bridge Tracker";
			};
			name = Release;
		};
		22AB7C7D293EDF2B008BD92F /* Debug */ = {
			isa = XCBuildConfiguration;
			buildSettings = {
				CLANG_CXX_LANGUAGE_STANDARD = "gnu++20";
				CODE_SIGN_IDENTITY = "Apple Development";
				CODE_SIGN_STYLE = Automatic;
				CURRENT_PROJECT_VERSION = 1;
				DEVELOPMENT_TEAM = L7JQRVXU2V;
				GENERATE_INFOPLIST_FILE = YES;
				INFOPLIST_FILE = NotificationService/Info.plist;
				INFOPLIST_KEY_CFBundleDisplayName = NotificationService;
				INFOPLIST_KEY_NSHumanReadableCopyright = "";
				IPHONEOS_DEPLOYMENT_TARGET = 14.0;
				LD_RUNPATH_SEARCH_PATHS = (
					"$(inherited)",
					"@executable_path/Frameworks",
					"@executable_path/../../Frameworks",
				);
				MARKETING_VERSION = 1.4.3;
				PRODUCT_BUNDLE_IDENTIFIER = "com.Mcrich23.Easy-Bridge-Tracker.NotificationService";
				PRODUCT_NAME = "$(TARGET_NAME)";
				SKIP_INSTALL = YES;
				SWIFT_EMIT_LOC_STRINGS = YES;
				SWIFT_VERSION = 5.0;
				TARGETED_DEVICE_FAMILY = "1,2";
			};
			name = Debug;
		};
		22AB7C7E293EDF2B008BD92F /* Release */ = {
			isa = XCBuildConfiguration;
			buildSettings = {
				CLANG_CXX_LANGUAGE_STANDARD = "gnu++20";
				CODE_SIGN_IDENTITY = "Apple Development";
				CODE_SIGN_STYLE = Automatic;
				CURRENT_PROJECT_VERSION = 1;
				DEVELOPMENT_TEAM = L7JQRVXU2V;
				GENERATE_INFOPLIST_FILE = YES;
				INFOPLIST_FILE = NotificationService/Info.plist;
				INFOPLIST_KEY_CFBundleDisplayName = NotificationService;
				INFOPLIST_KEY_NSHumanReadableCopyright = "";
				IPHONEOS_DEPLOYMENT_TARGET = 14.0;
				LD_RUNPATH_SEARCH_PATHS = (
					"$(inherited)",
					"@executable_path/Frameworks",
					"@executable_path/../../Frameworks",
				);
				MARKETING_VERSION = 1.4.3;
				PRODUCT_BUNDLE_IDENTIFIER = "com.Mcrich23.Easy-Bridge-Tracker.NotificationService";
				PRODUCT_NAME = "$(TARGET_NAME)";
				SKIP_INSTALL = YES;
				SWIFT_EMIT_LOC_STRINGS = YES;
				SWIFT_VERSION = 5.0;
				TARGETED_DEVICE_FAMILY = "1,2";
			};
			name = Release;
		};
		A33F930B28AC90A900391EBB /* Debug */ = {
			isa = XCBuildConfiguration;
			buildSettings = {
				ALWAYS_SEARCH_USER_PATHS = NO;
				CLANG_ANALYZER_NONNULL = YES;
				CLANG_ANALYZER_NUMBER_OBJECT_CONVERSION = YES_AGGRESSIVE;
				CLANG_CXX_LANGUAGE_STANDARD = "gnu++17";
				CLANG_ENABLE_MODULES = YES;
				CLANG_ENABLE_OBJC_ARC = YES;
				CLANG_ENABLE_OBJC_WEAK = YES;
				CLANG_WARN_BLOCK_CAPTURE_AUTORELEASING = YES;
				CLANG_WARN_BOOL_CONVERSION = YES;
				CLANG_WARN_COMMA = YES;
				CLANG_WARN_CONSTANT_CONVERSION = YES;
				CLANG_WARN_DEPRECATED_OBJC_IMPLEMENTATIONS = YES;
				CLANG_WARN_DIRECT_OBJC_ISA_USAGE = YES_ERROR;
				CLANG_WARN_DOCUMENTATION_COMMENTS = YES;
				CLANG_WARN_EMPTY_BODY = YES;
				CLANG_WARN_ENUM_CONVERSION = YES;
				CLANG_WARN_INFINITE_RECURSION = YES;
				CLANG_WARN_INT_CONVERSION = YES;
				CLANG_WARN_NON_LITERAL_NULL_CONVERSION = YES;
				CLANG_WARN_OBJC_IMPLICIT_RETAIN_SELF = YES;
				CLANG_WARN_OBJC_LITERAL_CONVERSION = YES;
				CLANG_WARN_OBJC_ROOT_CLASS = YES_ERROR;
				CLANG_WARN_QUOTED_INCLUDE_IN_FRAMEWORK_HEADER = YES;
				CLANG_WARN_RANGE_LOOP_ANALYSIS = YES;
				CLANG_WARN_STRICT_PROTOTYPES = YES;
				CLANG_WARN_SUSPICIOUS_MOVE = YES;
				CLANG_WARN_UNGUARDED_AVAILABILITY = YES_AGGRESSIVE;
				CLANG_WARN_UNREACHABLE_CODE = YES;
				CLANG_WARN__DUPLICATE_METHOD_MATCH = YES;
				COPY_PHASE_STRIP = NO;
				DEBUG_INFORMATION_FORMAT = dwarf;
				ENABLE_STRICT_OBJC_MSGSEND = YES;
				ENABLE_TESTABILITY = YES;
				GCC_C_LANGUAGE_STANDARD = gnu11;
				GCC_DYNAMIC_NO_PIC = NO;
				GCC_NO_COMMON_BLOCKS = YES;
				GCC_OPTIMIZATION_LEVEL = 0;
				GCC_PREPROCESSOR_DEFINITIONS = (
					"DEBUG=1",
					"$(inherited)",
				);
				GCC_WARN_64_TO_32_BIT_CONVERSION = YES;
				GCC_WARN_ABOUT_RETURN_TYPE = YES_ERROR;
				GCC_WARN_UNDECLARED_SELECTOR = YES;
				GCC_WARN_UNINITIALIZED_AUTOS = YES_AGGRESSIVE;
				GCC_WARN_UNUSED_FUNCTION = YES;
				GCC_WARN_UNUSED_VARIABLE = YES;
				IPHONEOS_DEPLOYMENT_TARGET = 15.5;
				MTL_ENABLE_DEBUG_INFO = INCLUDE_SOURCE;
				MTL_FAST_MATH = YES;
				ONLY_ACTIVE_ARCH = YES;
				OTHER_LDFLAGS = "-ObjC";
				SDKROOT = iphoneos;
				SWIFT_ACTIVE_COMPILATION_CONDITIONS = DEBUG;
				SWIFT_OPTIMIZATION_LEVEL = "-Onone";
			};
			name = Debug;
		};
		A33F930C28AC90A900391EBB /* Release */ = {
			isa = XCBuildConfiguration;
			buildSettings = {
				ALWAYS_SEARCH_USER_PATHS = NO;
				CLANG_ANALYZER_NONNULL = YES;
				CLANG_ANALYZER_NUMBER_OBJECT_CONVERSION = YES_AGGRESSIVE;
				CLANG_CXX_LANGUAGE_STANDARD = "gnu++17";
				CLANG_ENABLE_MODULES = YES;
				CLANG_ENABLE_OBJC_ARC = YES;
				CLANG_ENABLE_OBJC_WEAK = YES;
				CLANG_WARN_BLOCK_CAPTURE_AUTORELEASING = YES;
				CLANG_WARN_BOOL_CONVERSION = YES;
				CLANG_WARN_COMMA = YES;
				CLANG_WARN_CONSTANT_CONVERSION = YES;
				CLANG_WARN_DEPRECATED_OBJC_IMPLEMENTATIONS = YES;
				CLANG_WARN_DIRECT_OBJC_ISA_USAGE = YES_ERROR;
				CLANG_WARN_DOCUMENTATION_COMMENTS = YES;
				CLANG_WARN_EMPTY_BODY = YES;
				CLANG_WARN_ENUM_CONVERSION = YES;
				CLANG_WARN_INFINITE_RECURSION = YES;
				CLANG_WARN_INT_CONVERSION = YES;
				CLANG_WARN_NON_LITERAL_NULL_CONVERSION = YES;
				CLANG_WARN_OBJC_IMPLICIT_RETAIN_SELF = YES;
				CLANG_WARN_OBJC_LITERAL_CONVERSION = YES;
				CLANG_WARN_OBJC_ROOT_CLASS = YES_ERROR;
				CLANG_WARN_QUOTED_INCLUDE_IN_FRAMEWORK_HEADER = YES;
				CLANG_WARN_RANGE_LOOP_ANALYSIS = YES;
				CLANG_WARN_STRICT_PROTOTYPES = YES;
				CLANG_WARN_SUSPICIOUS_MOVE = YES;
				CLANG_WARN_UNGUARDED_AVAILABILITY = YES_AGGRESSIVE;
				CLANG_WARN_UNREACHABLE_CODE = YES;
				CLANG_WARN__DUPLICATE_METHOD_MATCH = YES;
				COPY_PHASE_STRIP = NO;
				DEBUG_INFORMATION_FORMAT = "dwarf-with-dsym";
				ENABLE_NS_ASSERTIONS = NO;
				ENABLE_STRICT_OBJC_MSGSEND = YES;
				GCC_C_LANGUAGE_STANDARD = gnu11;
				GCC_NO_COMMON_BLOCKS = YES;
				GCC_WARN_64_TO_32_BIT_CONVERSION = YES;
				GCC_WARN_ABOUT_RETURN_TYPE = YES_ERROR;
				GCC_WARN_UNDECLARED_SELECTOR = YES;
				GCC_WARN_UNINITIALIZED_AUTOS = YES_AGGRESSIVE;
				GCC_WARN_UNUSED_FUNCTION = YES;
				GCC_WARN_UNUSED_VARIABLE = YES;
				IPHONEOS_DEPLOYMENT_TARGET = 15.5;
				MTL_ENABLE_DEBUG_INFO = NO;
				MTL_FAST_MATH = YES;
				OTHER_LDFLAGS = "-ObjC";
				SDKROOT = iphoneos;
				SWIFT_COMPILATION_MODE = wholemodule;
				SWIFT_OPTIMIZATION_LEVEL = "-O";
				VALIDATE_PRODUCT = YES;
			};
			name = Release;
		};
		A33F930E28AC90A900391EBB /* Debug */ = {
			isa = XCBuildConfiguration;
			buildSettings = {
				ALWAYS_EMBED_SWIFT_STANDARD_LIBRARIES = YES;
				ASSETCATALOG_COMPILER_APPICON_NAME = AppIcon;
				ASSETCATALOG_COMPILER_GLOBAL_ACCENT_COLOR_NAME = AccentColor;
				CODE_SIGN_ENTITLEMENTS = "Easy Bridge Tracker.entitlements";
				CODE_SIGN_IDENTITY = "Apple Development";
				CODE_SIGN_STYLE = Automatic;
				CURRENT_PROJECT_VERSION = 1;
				DEVELOPMENT_ASSET_PATHS = "\"Seattle Bridge Tracker/Preview Content\"";
				DEVELOPMENT_TEAM = L7JQRVXU2V;
				ENABLE_PREVIEWS = YES;
				GENERATE_INFOPLIST_FILE = YES;
				INFOPLIST_FILE = "Seattle-Bridge-Tracker-Info.plist";
				INFOPLIST_KEY_CFBundleDisplayName = Bridges;
				INFOPLIST_KEY_LSApplicationCategoryType = "public.app-category.travel";
				INFOPLIST_KEY_UIApplicationSceneManifest_Generation = YES;
				INFOPLIST_KEY_UIApplicationSupportsIndirectInputEvents = YES;
				INFOPLIST_KEY_UILaunchScreen_Generation = YES;
				INFOPLIST_KEY_UISupportedInterfaceOrientations_iPad = "UIInterfaceOrientationPortrait UIInterfaceOrientationPortraitUpsideDown UIInterfaceOrientationLandscapeLeft UIInterfaceOrientationLandscapeRight";
				INFOPLIST_KEY_UISupportedInterfaceOrientations_iPhone = "UIInterfaceOrientationPortrait UIInterfaceOrientationLandscapeLeft UIInterfaceOrientationLandscapeRight";
				IPHONEOS_DEPLOYMENT_TARGET = 14.0;
				LD_RUNPATH_SEARCH_PATHS = (
					"$(inherited)",
					"@executable_path/Frameworks",
				);
				MARKETING_VERSION = 1.4.3;
				OTHER_LDFLAGS = "-ObjC";
				PRODUCT_BUNDLE_IDENTIFIER = "com.Mcrich23.Easy-Bridge-Tracker";
				PRODUCT_NAME = "$(TARGET_NAME)";
				PROVISIONING_PROFILE_SPECIFIER = "";
				SWIFT_EMIT_LOC_STRINGS = YES;
				SWIFT_VERSION = 5.0;
				TARGETED_DEVICE_FAMILY = "1,2";
			};
			name = Debug;
		};
		A33F930F28AC90A900391EBB /* Release */ = {
			isa = XCBuildConfiguration;
			buildSettings = {
				ALWAYS_EMBED_SWIFT_STANDARD_LIBRARIES = YES;
				ASSETCATALOG_COMPILER_APPICON_NAME = AppIcon;
				ASSETCATALOG_COMPILER_GLOBAL_ACCENT_COLOR_NAME = AccentColor;
				CODE_SIGN_ENTITLEMENTS = "Easy Bridge Tracker.entitlements";
				CODE_SIGN_IDENTITY = "Apple Development";
				CODE_SIGN_STYLE = Automatic;
				CURRENT_PROJECT_VERSION = 1;
				DEVELOPMENT_ASSET_PATHS = "\"Seattle Bridge Tracker/Preview Content\"";
				DEVELOPMENT_TEAM = L7JQRVXU2V;
				ENABLE_PREVIEWS = YES;
				GENERATE_INFOPLIST_FILE = YES;
				INFOPLIST_FILE = "Seattle-Bridge-Tracker-Info.plist";
				INFOPLIST_KEY_CFBundleDisplayName = Bridges;
				INFOPLIST_KEY_LSApplicationCategoryType = "public.app-category.travel";
				INFOPLIST_KEY_UIApplicationSceneManifest_Generation = YES;
				INFOPLIST_KEY_UIApplicationSupportsIndirectInputEvents = YES;
				INFOPLIST_KEY_UILaunchScreen_Generation = YES;
				INFOPLIST_KEY_UISupportedInterfaceOrientations_iPad = "UIInterfaceOrientationPortrait UIInterfaceOrientationPortraitUpsideDown UIInterfaceOrientationLandscapeLeft UIInterfaceOrientationLandscapeRight";
				INFOPLIST_KEY_UISupportedInterfaceOrientations_iPhone = "UIInterfaceOrientationPortrait UIInterfaceOrientationLandscapeLeft UIInterfaceOrientationLandscapeRight";
				IPHONEOS_DEPLOYMENT_TARGET = 14.0;
				LD_RUNPATH_SEARCH_PATHS = (
					"$(inherited)",
					"@executable_path/Frameworks",
				);
				MARKETING_VERSION = 1.4.3;
				OTHER_LDFLAGS = "-ObjC";
				PRODUCT_BUNDLE_IDENTIFIER = "com.Mcrich23.Easy-Bridge-Tracker";
				PRODUCT_NAME = "$(TARGET_NAME)";
				PROVISIONING_PROFILE_SPECIFIER = "";
				SWIFT_EMIT_LOC_STRINGS = YES;
				SWIFT_VERSION = 5.0;
				TARGETED_DEVICE_FAMILY = "1,2";
			};
			name = Release;
		};
/* End XCBuildConfiguration section */

/* Begin XCConfigurationList section */
		224C81F729459999004C5722 /* Build configuration list for PBXNativeTarget "Easy Bridge TrackerUITests" */ = {
			isa = XCConfigurationList;
			buildConfigurations = (
				224C81F829459999004C5722 /* Debug */,
				224C81F929459999004C5722 /* Release */,
			);
			defaultConfigurationIsVisible = 0;
			defaultConfigurationName = Release;
		};
		22AB7C7F293EDF2B008BD92F /* Build configuration list for PBXNativeTarget "NotificationService" */ = {
			isa = XCConfigurationList;
			buildConfigurations = (
				22AB7C7D293EDF2B008BD92F /* Debug */,
				22AB7C7E293EDF2B008BD92F /* Release */,
			);
			defaultConfigurationIsVisible = 0;
			defaultConfigurationName = Release;
		};
		A33F92FA28AC90A800391EBB /* Build configuration list for PBXProject "Easy Bridge Tracker" */ = {
			isa = XCConfigurationList;
			buildConfigurations = (
				A33F930B28AC90A900391EBB /* Debug */,
				A33F930C28AC90A900391EBB /* Release */,
			);
			defaultConfigurationIsVisible = 0;
			defaultConfigurationName = Release;
		};
		A33F930D28AC90A900391EBB /* Build configuration list for PBXNativeTarget "Easy Bridge Tracker" */ = {
			isa = XCConfigurationList;
			buildConfigurations = (
				A33F930E28AC90A900391EBB /* Debug */,
				A33F930F28AC90A900391EBB /* Release */,
			);
			defaultConfigurationIsVisible = 0;
			defaultConfigurationName = Release;
		};
/* End XCConfigurationList section */

/* Begin XCRemoteSwiftPackageReference section */
		221BEC7B29D1A1420099A015 /* XCRemoteSwiftPackageReference "SwiftUIMap" */ = {
			isa = XCRemoteSwiftPackageReference;
			repositoryURL = "https://github.com/Mcrich23/SwiftUIMap";
			requirement = {
				branch = main;
				kind = branch;
			};
		};
		2222EBAE29D1779900837F79 /* XCRemoteSwiftPackageReference "ScrollViewIfNeeded" */ = {
			isa = XCRemoteSwiftPackageReference;
			repositoryURL = "https://github.com/dkk/ScrollViewIfNeeded";
			requirement = {
				kind = upToNextMajorVersion;
				minimumVersion = 1.0.0;
			};
		};
		222C722D2A89B28200470C25 /* XCRemoteSwiftPackageReference "LocalConsole" */ = {
			isa = XCRemoteSwiftPackageReference;
			repositoryURL = "https://github.com/duraidabdul/LocalConsole/";
			requirement = {
				kind = upToNextMajorVersion;
				minimumVersion = 1.0.0;
			};
		};
		22C28A1129397B5400D37696 /* XCRemoteSwiftPackageReference "firebase-ios-sdk" */ = {
			isa = XCRemoteSwiftPackageReference;
			repositoryURL = "https://github.com/firebase/firebase-ios-sdk";
			requirement = {
				kind = upToNextMajorVersion;
				minimumVersion = 9.0.0;
			};
		};
		22D8688B29D2BEDC00E7D647 /* XCRemoteSwiftPackageReference "purchases-ios" */ = {
			isa = XCRemoteSwiftPackageReference;
			repositoryURL = "https://github.com/RevenueCat/purchases-ios.git";
			requirement = {
				kind = upToNextMajorVersion;
				minimumVersion = 4.0.0;
			};
		};
		A305122528B33C3F002BB056 /* XCRemoteSwiftPackageReference "GoogleMobileAds" */ = {
			isa = XCRemoteSwiftPackageReference;
			repositoryURL = "https://github.com/quanghits/GoogleMobileAds";
			requirement = {
				branch = main;
				kind = branch;
			};
		};
		A305122828B33C50002BB056 /* XCRemoteSwiftPackageReference "SwiftUI-Shimmer" */ = {
			isa = XCRemoteSwiftPackageReference;
			repositoryURL = "https://github.com/markiv/SwiftUI-Shimmer";
			requirement = {
				branch = main;
				kind = branch;
			};
		};
		A3413A0E28B065BC0016710C /* XCRemoteSwiftPackageReference "Mcrich23-Toolkit" */ = {
			isa = XCRemoteSwiftPackageReference;
			repositoryURL = "https://github.com/Mcrich23/Mcrich23-Toolkit";
			requirement = {
				branch = main;
				kind = branch;
			};
		};
		A3D22D7228C149C900AD4C0A /* XCRemoteSwiftPackageReference "SwiftHTTPStatusCodes" */ = {
			isa = XCRemoteSwiftPackageReference;
			repositoryURL = "https://github.com/jaderfeijo/SwiftHTTPStatusCodes";
			requirement = {
				branch = master;
				kind = branch;
			};
		};
/* End XCRemoteSwiftPackageReference section */

/* Begin XCSwiftPackageProductDependency section */
		221BEC7C29D1A1420099A015 /* SwiftUIMap */ = {
			isa = XCSwiftPackageProductDependency;
			package = 221BEC7B29D1A1420099A015 /* XCRemoteSwiftPackageReference "SwiftUIMap" */;
			productName = SwiftUIMap;
		};
		2222EBAF29D1779900837F79 /* ScrollViewIfNeeded */ = {
			isa = XCSwiftPackageProductDependency;
			package = 2222EBAE29D1779900837F79 /* XCRemoteSwiftPackageReference "ScrollViewIfNeeded" */;
			productName = ScrollViewIfNeeded;
		};
		222C722E2A89B28200470C25 /* LocalConsole */ = {
			isa = XCSwiftPackageProductDependency;
			package = 222C722D2A89B28200470C25 /* XCRemoteSwiftPackageReference "LocalConsole" */;
			productName = LocalConsole;
		};
		22AB7C80293EDFA4008BD92F /* FirebaseMessaging */ = {
			isa = XCSwiftPackageProductDependency;
			package = 22C28A1129397B5400D37696 /* XCRemoteSwiftPackageReference "firebase-ios-sdk" */;
			productName = FirebaseMessaging;
		};
		22C28A1229397B9500D37696 /* FirebaseAnalytics */ = {
			isa = XCSwiftPackageProductDependency;
			package = 22C28A1129397B5400D37696 /* XCRemoteSwiftPackageReference "firebase-ios-sdk" */;
			productName = FirebaseAnalytics;
		};
		22C28A1429397B9500D37696 /* FirebaseAnalyticsOnDeviceConversion */ = {
			isa = XCSwiftPackageProductDependency;
			package = 22C28A1129397B5400D37696 /* XCRemoteSwiftPackageReference "firebase-ios-sdk" */;
			productName = FirebaseAnalyticsOnDeviceConversion;
		};
		22C28A1629397B9500D37696 /* FirebaseAnalyticsSwift */ = {
			isa = XCSwiftPackageProductDependency;
			package = 22C28A1129397B5400D37696 /* XCRemoteSwiftPackageReference "firebase-ios-sdk" */;
			productName = FirebaseAnalyticsSwift;
		};
		22C28A1829397B9500D37696 /* FirebaseAnalyticsWithoutAdIdSupport */ = {
			isa = XCSwiftPackageProductDependency;
			package = 22C28A1129397B5400D37696 /* XCRemoteSwiftPackageReference "firebase-ios-sdk" */;
			productName = FirebaseAnalyticsWithoutAdIdSupport;
		};
		22C28A1A29397B9500D37696 /* FirebaseAppCheck */ = {
			isa = XCSwiftPackageProductDependency;
			package = 22C28A1129397B5400D37696 /* XCRemoteSwiftPackageReference "firebase-ios-sdk" */;
			productName = FirebaseAppCheck;
		};
		22C28A1C29397B9500D37696 /* FirebaseAppDistribution-Beta */ = {
			isa = XCSwiftPackageProductDependency;
			package = 22C28A1129397B5400D37696 /* XCRemoteSwiftPackageReference "firebase-ios-sdk" */;
			productName = "FirebaseAppDistribution-Beta";
		};
		22C28A1E29397B9500D37696 /* FirebaseAuth */ = {
			isa = XCSwiftPackageProductDependency;
			package = 22C28A1129397B5400D37696 /* XCRemoteSwiftPackageReference "firebase-ios-sdk" */;
			productName = FirebaseAuth;
		};
		22C28A2029397B9500D37696 /* FirebaseAuthCombine-Community */ = {
			isa = XCSwiftPackageProductDependency;
			package = 22C28A1129397B5400D37696 /* XCRemoteSwiftPackageReference "firebase-ios-sdk" */;
			productName = "FirebaseAuthCombine-Community";
		};
		22C28A2229397B9500D37696 /* FirebaseCrashlytics */ = {
			isa = XCSwiftPackageProductDependency;
			package = 22C28A1129397B5400D37696 /* XCRemoteSwiftPackageReference "firebase-ios-sdk" */;
			productName = FirebaseCrashlytics;
		};
		22C28A2429397B9500D37696 /* FirebaseDatabase */ = {
			isa = XCSwiftPackageProductDependency;
			package = 22C28A1129397B5400D37696 /* XCRemoteSwiftPackageReference "firebase-ios-sdk" */;
			productName = FirebaseDatabase;
		};
		22C28A2629397B9500D37696 /* FirebaseDatabaseSwift */ = {
			isa = XCSwiftPackageProductDependency;
			package = 22C28A1129397B5400D37696 /* XCRemoteSwiftPackageReference "firebase-ios-sdk" */;
			productName = FirebaseDatabaseSwift;
		};
		22C28A2829397B9500D37696 /* FirebaseDynamicLinks */ = {
			isa = XCSwiftPackageProductDependency;
			package = 22C28A1129397B5400D37696 /* XCRemoteSwiftPackageReference "firebase-ios-sdk" */;
			productName = FirebaseDynamicLinks;
		};
		22C28A2A29397B9500D37696 /* FirebaseFirestore */ = {
			isa = XCSwiftPackageProductDependency;
			package = 22C28A1129397B5400D37696 /* XCRemoteSwiftPackageReference "firebase-ios-sdk" */;
			productName = FirebaseFirestore;
		};
		22C28A2C29397B9500D37696 /* FirebaseFirestoreCombine-Community */ = {
			isa = XCSwiftPackageProductDependency;
			package = 22C28A1129397B5400D37696 /* XCRemoteSwiftPackageReference "firebase-ios-sdk" */;
			productName = "FirebaseFirestoreCombine-Community";
		};
		22C28A2E29397B9500D37696 /* FirebaseFirestoreSwift */ = {
			isa = XCSwiftPackageProductDependency;
			package = 22C28A1129397B5400D37696 /* XCRemoteSwiftPackageReference "firebase-ios-sdk" */;
			productName = FirebaseFirestoreSwift;
		};
		22C28A3029397B9500D37696 /* FirebaseFunctions */ = {
			isa = XCSwiftPackageProductDependency;
			package = 22C28A1129397B5400D37696 /* XCRemoteSwiftPackageReference "firebase-ios-sdk" */;
			productName = FirebaseFunctions;
		};
		22C28A3229397B9500D37696 /* FirebaseFunctionsCombine-Community */ = {
			isa = XCSwiftPackageProductDependency;
			package = 22C28A1129397B5400D37696 /* XCRemoteSwiftPackageReference "firebase-ios-sdk" */;
			productName = "FirebaseFunctionsCombine-Community";
		};
		22C28A3429397B9500D37696 /* FirebaseInAppMessaging-Beta */ = {
			isa = XCSwiftPackageProductDependency;
			package = 22C28A1129397B5400D37696 /* XCRemoteSwiftPackageReference "firebase-ios-sdk" */;
			productName = "FirebaseInAppMessaging-Beta";
		};
		22C28A3629397B9500D37696 /* FirebaseInAppMessagingSwift-Beta */ = {
			isa = XCSwiftPackageProductDependency;
			package = 22C28A1129397B5400D37696 /* XCRemoteSwiftPackageReference "firebase-ios-sdk" */;
			productName = "FirebaseInAppMessagingSwift-Beta";
		};
		22C28A3829397B9500D37696 /* FirebaseInstallations */ = {
			isa = XCSwiftPackageProductDependency;
			package = 22C28A1129397B5400D37696 /* XCRemoteSwiftPackageReference "firebase-ios-sdk" */;
			productName = FirebaseInstallations;
		};
		22C28A3A29397B9500D37696 /* FirebaseMessaging */ = {
			isa = XCSwiftPackageProductDependency;
			package = 22C28A1129397B5400D37696 /* XCRemoteSwiftPackageReference "firebase-ios-sdk" */;
			productName = FirebaseMessaging;
		};
		22C28A3C29397B9500D37696 /* FirebaseMLModelDownloader */ = {
			isa = XCSwiftPackageProductDependency;
			package = 22C28A1129397B5400D37696 /* XCRemoteSwiftPackageReference "firebase-ios-sdk" */;
			productName = FirebaseMLModelDownloader;
		};
		22C28A3E29397B9500D37696 /* FirebasePerformance */ = {
			isa = XCSwiftPackageProductDependency;
			package = 22C28A1129397B5400D37696 /* XCRemoteSwiftPackageReference "firebase-ios-sdk" */;
			productName = FirebasePerformance;
		};
		22C28A4029397B9500D37696 /* FirebaseRemoteConfig */ = {
			isa = XCSwiftPackageProductDependency;
			package = 22C28A1129397B5400D37696 /* XCRemoteSwiftPackageReference "firebase-ios-sdk" */;
			productName = FirebaseRemoteConfig;
		};
		22C28A4229397B9500D37696 /* FirebaseRemoteConfigSwift */ = {
			isa = XCSwiftPackageProductDependency;
			package = 22C28A1129397B5400D37696 /* XCRemoteSwiftPackageReference "firebase-ios-sdk" */;
			productName = FirebaseRemoteConfigSwift;
		};
		22C28A4429397B9500D37696 /* FirebaseStorage */ = {
			isa = XCSwiftPackageProductDependency;
			package = 22C28A1129397B5400D37696 /* XCRemoteSwiftPackageReference "firebase-ios-sdk" */;
			productName = FirebaseStorage;
		};
		22C28A4629397B9500D37696 /* FirebaseStorageCombine-Community */ = {
			isa = XCSwiftPackageProductDependency;
			package = 22C28A1129397B5400D37696 /* XCRemoteSwiftPackageReference "firebase-ios-sdk" */;
			productName = "FirebaseStorageCombine-Community";
		};
		22D8688C29D2BEDC00E7D647 /* ReceiptParser */ = {
			isa = XCSwiftPackageProductDependency;
			package = 22D8688B29D2BEDC00E7D647 /* XCRemoteSwiftPackageReference "purchases-ios" */;
			productName = ReceiptParser;
		};
		22D8688E29D2BEDC00E7D647 /* RevenueCat */ = {
			isa = XCSwiftPackageProductDependency;
			package = 22D8688B29D2BEDC00E7D647 /* XCRemoteSwiftPackageReference "purchases-ios" */;
			productName = RevenueCat;
		};
		A305122628B33C3F002BB056 /* GoogleMobileAds */ = {
			isa = XCSwiftPackageProductDependency;
			package = A305122528B33C3F002BB056 /* XCRemoteSwiftPackageReference "GoogleMobileAds" */;
			productName = GoogleMobileAds;
		};
		A305122928B33C50002BB056 /* Shimmer */ = {
			isa = XCSwiftPackageProductDependency;
			package = A305122828B33C50002BB056 /* XCRemoteSwiftPackageReference "SwiftUI-Shimmer" */;
			productName = Shimmer;
		};
		A3413A0F28B065BC0016710C /* Mcrich23-Toolkit */ = {
			isa = XCSwiftPackageProductDependency;
			package = A3413A0E28B065BC0016710C /* XCRemoteSwiftPackageReference "Mcrich23-Toolkit" */;
			productName = "Mcrich23-Toolkit";
		};
		A3D22D7328C149C900AD4C0A /* HTTPStatusCodes */ = {
			isa = XCSwiftPackageProductDependency;
			package = A3D22D7228C149C900AD4C0A /* XCRemoteSwiftPackageReference "SwiftHTTPStatusCodes" */;
			productName = HTTPStatusCodes;
		};
		A3F2AFF128B2B5F900D38A59 /* Mcrich23-Toolkit */ = {
			isa = XCSwiftPackageProductDependency;
			package = A3413A0E28B065BC0016710C /* XCRemoteSwiftPackageReference "Mcrich23-Toolkit" */;
			productName = "Mcrich23-Toolkit";
		};
/* End XCSwiftPackageProductDependency section */
	};
	rootObject = A33F92F728AC90A800391EBB /* Project object */;
}
