// !$*UTF8*$!
{
	archiveVersion = 1;
	classes = {
	};
	objectVersion = 55;
	objects = {

/* Begin PBXBuildFile section */
		A33F930328AC90A800391EBB /* Seattle_Bridge_TrackerApp.swift in Sources */ = {isa = PBXBuildFile; fileRef = A33F930228AC90A800391EBB /* Seattle_Bridge_TrackerApp.swift */; };
		A33F930528AC90A800391EBB /* ContentView.swift in Sources */ = {isa = PBXBuildFile; fileRef = A33F930428AC90A800391EBB /* ContentView.swift */; };
		A33F930728AC90A900391EBB /* Assets.xcassets in Resources */ = {isa = PBXBuildFile; fileRef = A33F930628AC90A900391EBB /* Assets.xcassets */; };
		A33F930A28AC90A900391EBB /* Preview Assets.xcassets in Resources */ = {isa = PBXBuildFile; fileRef = A33F930928AC90A900391EBB /* Preview Assets.xcassets */; };
		A33F931328AC912500391EBB /* .gitignore in Resources */ = {isa = PBXBuildFile; fileRef = A33F931228AC912500391EBB /* .gitignore */; };
		A33F931528AC926100391EBB /* Fetch Data.swift in Sources */ = {isa = PBXBuildFile; fileRef = A33F931428AC926100391EBB /* Fetch Data.swift */; };
		A33F931728AC96AE00391EBB /* Secrets.swift in Sources */ = {isa = PBXBuildFile; fileRef = A33F931628AC96AE00391EBB /* Secrets.swift */; };
		A33F931928AC97A300391EBB /* .swiftlint.yml in Resources */ = {isa = PBXBuildFile; fileRef = A33F931828AC97A300391EBB /* .swiftlint.yml */; };
		A33F932228AC980500391EBB /* ReturnedTweet.swift in Sources */ = {isa = PBXBuildFile; fileRef = A33F931C28AC980500391EBB /* ReturnedTweet.swift */; };
		A33F932328AC980500391EBB /* Tweet.swift in Sources */ = {isa = PBXBuildFile; fileRef = A33F931D28AC980500391EBB /* Tweet.swift */; };
		A33F932528AC980500391EBB /* User.swift in Sources */ = {isa = PBXBuildFile; fileRef = A33F931F28AC980500391EBB /* User.swift */; };
		A33F932628AC980500391EBB /* Response.swift in Sources */ = {isa = PBXBuildFile; fileRef = A33F932028AC980500391EBB /* Response.swift */; };
		A33F932728AC980500391EBB /* Metadata.swift in Sources */ = {isa = PBXBuildFile; fileRef = A33F932128AC980500391EBB /* Metadata.swift */; };
/* End PBXBuildFile section */

/* Begin PBXFileReference section */
		A33F92FF28AC90A800391EBB /* Seattle Bridge Tracker.app */ = {isa = PBXFileReference; explicitFileType = wrapper.application; includeInIndex = 0; path = "Seattle Bridge Tracker.app"; sourceTree = BUILT_PRODUCTS_DIR; };
		A33F930228AC90A800391EBB /* Seattle_Bridge_TrackerApp.swift */ = {isa = PBXFileReference; lastKnownFileType = sourcecode.swift; path = Seattle_Bridge_TrackerApp.swift; sourceTree = "<group>"; };
		A33F930428AC90A800391EBB /* ContentView.swift */ = {isa = PBXFileReference; lastKnownFileType = sourcecode.swift; path = ContentView.swift; sourceTree = "<group>"; };
		A33F930628AC90A900391EBB /* Assets.xcassets */ = {isa = PBXFileReference; lastKnownFileType = folder.assetcatalog; path = Assets.xcassets; sourceTree = "<group>"; };
		A33F930928AC90A900391EBB /* Preview Assets.xcassets */ = {isa = PBXFileReference; lastKnownFileType = folder.assetcatalog; path = "Preview Assets.xcassets"; sourceTree = "<group>"; };
		A33F931228AC912500391EBB /* .gitignore */ = {isa = PBXFileReference; fileEncoding = 4; lastKnownFileType = text; path = .gitignore; sourceTree = "<group>"; };
		A33F931428AC926100391EBB /* Fetch Data.swift */ = {isa = PBXFileReference; lastKnownFileType = sourcecode.swift; path = "Fetch Data.swift"; sourceTree = "<group>"; };
		A33F931628AC96AE00391EBB /* Secrets.swift */ = {isa = PBXFileReference; fileEncoding = 4; lastKnownFileType = sourcecode.swift; path = Secrets.swift; sourceTree = "<group>"; };
		A33F931828AC97A300391EBB /* .swiftlint.yml */ = {isa = PBXFileReference; fileEncoding = 4; lastKnownFileType = text.yaml; path = .swiftlint.yml; sourceTree = "<group>"; };
		A33F931C28AC980500391EBB /* ReturnedTweet.swift */ = {isa = PBXFileReference; fileEncoding = 4; lastKnownFileType = sourcecode.swift; path = ReturnedTweet.swift; sourceTree = "<group>"; };
		A33F931D28AC980500391EBB /* Tweet.swift */ = {isa = PBXFileReference; fileEncoding = 4; lastKnownFileType = sourcecode.swift; path = Tweet.swift; sourceTree = "<group>"; };
		A33F931F28AC980500391EBB /* User.swift */ = {isa = PBXFileReference; fileEncoding = 4; lastKnownFileType = sourcecode.swift; path = User.swift; sourceTree = "<group>"; };
		A33F932028AC980500391EBB /* Response.swift */ = {isa = PBXFileReference; fileEncoding = 4; lastKnownFileType = sourcecode.swift; path = Response.swift; sourceTree = "<group>"; };
		A33F932128AC980500391EBB /* Metadata.swift */ = {isa = PBXFileReference; fileEncoding = 4; lastKnownFileType = sourcecode.swift; path = Metadata.swift; sourceTree = "<group>"; };
/* End PBXFileReference section */

/* Begin PBXFrameworksBuildPhase section */
		A33F92FC28AC90A800391EBB /* Frameworks */ = {
			isa = PBXFrameworksBuildPhase;
			buildActionMask = 2147483647;
			files = (
			);
			runOnlyForDeploymentPostprocessing = 0;
		};
/* End PBXFrameworksBuildPhase section */

/* Begin PBXGroup section */
		A33F92F628AC90A800391EBB = {
			isa = PBXGroup;
			children = (
				A33F931828AC97A300391EBB /* .swiftlint.yml */,
				A33F931228AC912500391EBB /* .gitignore */,
				A33F930128AC90A800391EBB /* Seattle Bridge Tracker */,
				A33F930028AC90A800391EBB /* Products */,
			);
			sourceTree = "<group>";
		};
		A33F930028AC90A800391EBB /* Products */ = {
			isa = PBXGroup;
			children = (
				A33F92FF28AC90A800391EBB /* Seattle Bridge Tracker.app */,
			);
			name = Products;
			sourceTree = "<group>";
		};
		A33F930128AC90A800391EBB /* Seattle Bridge Tracker */ = {
			isa = PBXGroup;
			children = (
				A33F930228AC90A800391EBB /* Seattle_Bridge_TrackerApp.swift */,
				A33F930428AC90A800391EBB /* ContentView.swift */,
				A33F931428AC926100391EBB /* Fetch Data.swift */,
				A33F931628AC96AE00391EBB /* Secrets.swift */,
				A33F931B28AC980500391EBB /* Models */,
				A33F930628AC90A900391EBB /* Assets.xcassets */,
				A33F930828AC90A900391EBB /* Preview Content */,
			);
			path = "Seattle Bridge Tracker";
			sourceTree = "<group>";
		};
		A33F930828AC90A900391EBB /* Preview Content */ = {
			isa = PBXGroup;
			children = (
				A33F930928AC90A900391EBB /* Preview Assets.xcassets */,
			);
			path = "Preview Content";
			sourceTree = "<group>";
		};
		A33F931B28AC980500391EBB /* Models */ = {
			isa = PBXGroup;
			children = (
				A33F931C28AC980500391EBB /* ReturnedTweet.swift */,
				A33F931D28AC980500391EBB /* Tweet.swift */,
				A33F931F28AC980500391EBB /* User.swift */,
				A33F932028AC980500391EBB /* Response.swift */,
				A33F932128AC980500391EBB /* Metadata.swift */,
			);
			path = Models;
			sourceTree = "<group>";
		};
/* End PBXGroup section */

/* Begin PBXNativeTarget section */
		A33F92FE28AC90A800391EBB /* Seattle Bridge Tracker */ = {
			isa = PBXNativeTarget;
			buildConfigurationList = A33F930D28AC90A900391EBB /* Build configuration list for PBXNativeTarget "Seattle Bridge Tracker" */;
			buildPhases = (
				A33F92FB28AC90A800391EBB /* Sources */,
				A33F92FC28AC90A800391EBB /* Frameworks */,
				A33F92FD28AC90A800391EBB /* Resources */,
				A33F931A28AC97BA00391EBB /* ShellScript */,
			);
			buildRules = (
			);
			dependencies = (
			);
			name = "Seattle Bridge Tracker";
			productName = "Seattle Bridge Tracker";
			productReference = A33F92FF28AC90A800391EBB /* Seattle Bridge Tracker.app */;
			productType = "com.apple.product-type.application";
		};
/* End PBXNativeTarget section */

/* Begin PBXProject section */
		A33F92F728AC90A800391EBB /* Project object */ = {
			isa = PBXProject;
			attributes = {
				BuildIndependentTargetsInParallel = 1;
				LastSwiftUpdateCheck = 1340;
				LastUpgradeCheck = 1340;
				TargetAttributes = {
					A33F92FE28AC90A800391EBB = {
						CreatedOnToolsVersion = 13.4.1;
					};
				};
			};
			buildConfigurationList = A33F92FA28AC90A800391EBB /* Build configuration list for PBXProject "Seattle Bridge Tracker" */;
			compatibilityVersion = "Xcode 13.0";
			developmentRegion = en;
			hasScannedForEncodings = 0;
			knownRegions = (
				en,
				Base,
			);
			mainGroup = A33F92F628AC90A800391EBB;
			productRefGroup = A33F930028AC90A800391EBB /* Products */;
			projectDirPath = "";
			projectRoot = "";
			targets = (
				A33F92FE28AC90A800391EBB /* Seattle Bridge Tracker */,
			);
		};
/* End PBXProject section */

/* Begin PBXResourcesBuildPhase section */
		A33F92FD28AC90A800391EBB /* Resources */ = {
			isa = PBXResourcesBuildPhase;
			buildActionMask = 2147483647;
			files = (
				A33F931928AC97A300391EBB /* .swiftlint.yml in Resources */,
				A33F930A28AC90A900391EBB /* Preview Assets.xcassets in Resources */,
				A33F931328AC912500391EBB /* .gitignore in Resources */,
				A33F930728AC90A900391EBB /* Assets.xcassets in Resources */,
			);
			runOnlyForDeploymentPostprocessing = 0;
		};
/* End PBXResourcesBuildPhase section */

/* Begin PBXShellScriptBuildPhase section */
		A33F931A28AC97BA00391EBB /* ShellScript */ = {
			isa = PBXShellScriptBuildPhase;
			alwaysOutOfDate = 1;
			buildActionMask = 2147483647;
			files = (
			);
			inputFileListPaths = (
			);
			inputPaths = (
			);
			outputFileListPaths = (
			);
			outputPaths = (
			);
			runOnlyForDeploymentPostprocessing = 0;
			shellPath = /bin/sh;
			shellScript = "# Type a script or drag a script file from your workspace to insert its path.\nif test -d \"/opt/homebrew/bin/\"; then\n  PATH=\"/opt/homebrew/bin/:${PATH}\"\nfi\n\nexport PATH\n\nif which swiftlint >/dev/null; then\n  swiftlint\nelse\n  echo \"warning: SwiftLint not installed, download from https://github#.com/realm/SwiftLint\"\nfi\n";
		};
/* End PBXShellScriptBuildPhase section */

/* Begin PBXSourcesBuildPhase section */
		A33F92FB28AC90A800391EBB /* Sources */ = {
			isa = PBXSourcesBuildPhase;
			buildActionMask = 2147483647;
			files = (
				A33F930528AC90A800391EBB /* ContentView.swift in Sources */,
				A33F931728AC96AE00391EBB /* Secrets.swift in Sources */,
				A33F932728AC980500391EBB /* Metadata.swift in Sources */,
				A33F932228AC980500391EBB /* ReturnedTweet.swift in Sources */,
				A33F932628AC980500391EBB /* Response.swift in Sources */,
				A33F932528AC980500391EBB /* User.swift in Sources */,
				A33F932328AC980500391EBB /* Tweet.swift in Sources */,
				A33F930328AC90A800391EBB /* Seattle_Bridge_TrackerApp.swift in Sources */,
				A33F931528AC926100391EBB /* Fetch Data.swift in Sources */,
			);
			runOnlyForDeploymentPostprocessing = 0;
		};
/* End PBXSourcesBuildPhase section */

/* Begin XCBuildConfiguration section */
		A33F930B28AC90A900391EBB /* Debug */ = {
			isa = XCBuildConfiguration;
			buildSettings = {
				ALWAYS_SEARCH_USER_PATHS = NO;
				CLANG_ANALYZER_NONNULL = YES;
				CLANG_ANALYZER_NUMBER_OBJECT_CONVERSION = YES_AGGRESSIVE;
				CLANG_CXX_LANGUAGE_STANDARD = "gnu++17";
				CLANG_ENABLE_MODULES = YES;
				CLANG_ENABLE_OBJC_ARC = YES;
				CLANG_ENABLE_OBJC_WEAK = YES;
				CLANG_WARN_BLOCK_CAPTURE_AUTORELEASING = YES;
				CLANG_WARN_BOOL_CONVERSION = YES;
				CLANG_WARN_COMMA = YES;
				CLANG_WARN_CONSTANT_CONVERSION = YES;
				CLANG_WARN_DEPRECATED_OBJC_IMPLEMENTATIONS = YES;
				CLANG_WARN_DIRECT_OBJC_ISA_USAGE = YES_ERROR;
				CLANG_WARN_DOCUMENTATION_COMMENTS = YES;
				CLANG_WARN_EMPTY_BODY = YES;
				CLANG_WARN_ENUM_CONVERSION = YES;
				CLANG_WARN_INFINITE_RECURSION = YES;
				CLANG_WARN_INT_CONVERSION = YES;
				CLANG_WARN_NON_LITERAL_NULL_CONVERSION = YES;
				CLANG_WARN_OBJC_IMPLICIT_RETAIN_SELF = YES;
				CLANG_WARN_OBJC_LITERAL_CONVERSION = YES;
				CLANG_WARN_OBJC_ROOT_CLASS = YES_ERROR;
				CLANG_WARN_QUOTED_INCLUDE_IN_FRAMEWORK_HEADER = YES;
				CLANG_WARN_RANGE_LOOP_ANALYSIS = YES;
				CLANG_WARN_STRICT_PROTOTYPES = YES;
				CLANG_WARN_SUSPICIOUS_MOVE = YES;
				CLANG_WARN_UNGUARDED_AVAILABILITY = YES_AGGRESSIVE;
				CLANG_WARN_UNREACHABLE_CODE = YES;
				CLANG_WARN__DUPLICATE_METHOD_MATCH = YES;
				COPY_PHASE_STRIP = NO;
				DEBUG_INFORMATION_FORMAT = dwarf;
				ENABLE_STRICT_OBJC_MSGSEND = YES;
				ENABLE_TESTABILITY = YES;
				GCC_C_LANGUAGE_STANDARD = gnu11;
				GCC_DYNAMIC_NO_PIC = NO;
				GCC_NO_COMMON_BLOCKS = YES;
				GCC_OPTIMIZATION_LEVEL = 0;
				GCC_PREPROCESSOR_DEFINITIONS = (
					"DEBUG=1",
					"$(inherited)",
				);
				GCC_WARN_64_TO_32_BIT_CONVERSION = YES;
				GCC_WARN_ABOUT_RETURN_TYPE = YES_ERROR;
				GCC_WARN_UNDECLARED_SELECTOR = YES;
				GCC_WARN_UNINITIALIZED_AUTOS = YES_AGGRESSIVE;
				GCC_WARN_UNUSED_FUNCTION = YES;
				GCC_WARN_UNUSED_VARIABLE = YES;
				IPHONEOS_DEPLOYMENT_TARGET = 15.5;
				MTL_ENABLE_DEBUG_INFO = INCLUDE_SOURCE;
				MTL_FAST_MATH = YES;
				ONLY_ACTIVE_ARCH = YES;
				SDKROOT = iphoneos;
				SWIFT_ACTIVE_COMPILATION_CONDITIONS = DEBUG;
				SWIFT_OPTIMIZATION_LEVEL = "-Onone";
			};
			name = Debug;
		};
		A33F930C28AC90A900391EBB /* Release */ = {
			isa = XCBuildConfiguration;
			buildSettings = {
				ALWAYS_SEARCH_USER_PATHS = NO;
				CLANG_ANALYZER_NONNULL = YES;
				CLANG_ANALYZER_NUMBER_OBJECT_CONVERSION = YES_AGGRESSIVE;
				CLANG_CXX_LANGUAGE_STANDARD = "gnu++17";
				CLANG_ENABLE_MODULES = YES;
				CLANG_ENABLE_OBJC_ARC = YES;
				CLANG_ENABLE_OBJC_WEAK = YES;
				CLANG_WARN_BLOCK_CAPTURE_AUTORELEASING = YES;
				CLANG_WARN_BOOL_CONVERSION = YES;
				CLANG_WARN_COMMA = YES;
				CLANG_WARN_CONSTANT_CONVERSION = YES;
				CLANG_WARN_DEPRECATED_OBJC_IMPLEMENTATIONS = YES;
				CLANG_WARN_DIRECT_OBJC_ISA_USAGE = YES_ERROR;
				CLANG_WARN_DOCUMENTATION_COMMENTS = YES;
				CLANG_WARN_EMPTY_BODY = YES;
				CLANG_WARN_ENUM_CONVERSION = YES;
				CLANG_WARN_INFINITE_RECURSION = YES;
				CLANG_WARN_INT_CONVERSION = YES;
				CLANG_WARN_NON_LITERAL_NULL_CONVERSION = YES;
				CLANG_WARN_OBJC_IMPLICIT_RETAIN_SELF = YES;
				CLANG_WARN_OBJC_LITERAL_CONVERSION = YES;
				CLANG_WARN_OBJC_ROOT_CLASS = YES_ERROR;
				CLANG_WARN_QUOTED_INCLUDE_IN_FRAMEWORK_HEADER = YES;
				CLANG_WARN_RANGE_LOOP_ANALYSIS = YES;
				CLANG_WARN_STRICT_PROTOTYPES = YES;
				CLANG_WARN_SUSPICIOUS_MOVE = YES;
				CLANG_WARN_UNGUARDED_AVAILABILITY = YES_AGGRESSIVE;
				CLANG_WARN_UNREACHABLE_CODE = YES;
				CLANG_WARN__DUPLICATE_METHOD_MATCH = YES;
				COPY_PHASE_STRIP = NO;
				DEBUG_INFORMATION_FORMAT = "dwarf-with-dsym";
				ENABLE_NS_ASSERTIONS = NO;
				ENABLE_STRICT_OBJC_MSGSEND = YES;
				GCC_C_LANGUAGE_STANDARD = gnu11;
				GCC_NO_COMMON_BLOCKS = YES;
				GCC_WARN_64_TO_32_BIT_CONVERSION = YES;
				GCC_WARN_ABOUT_RETURN_TYPE = YES_ERROR;
				GCC_WARN_UNDECLARED_SELECTOR = YES;
				GCC_WARN_UNINITIALIZED_AUTOS = YES_AGGRESSIVE;
				GCC_WARN_UNUSED_FUNCTION = YES;
				GCC_WARN_UNUSED_VARIABLE = YES;
				IPHONEOS_DEPLOYMENT_TARGET = 15.5;
				MTL_ENABLE_DEBUG_INFO = NO;
				MTL_FAST_MATH = YES;
				SDKROOT = iphoneos;
				SWIFT_COMPILATION_MODE = wholemodule;
				SWIFT_OPTIMIZATION_LEVEL = "-O";
				VALIDATE_PRODUCT = YES;
			};
			name = Release;
		};
		A33F930E28AC90A900391EBB /* Debug */ = {
			isa = XCBuildConfiguration;
			buildSettings = {
				ASSETCATALOG_COMPILER_APPICON_NAME = AppIcon;
				ASSETCATALOG_COMPILER_GLOBAL_ACCENT_COLOR_NAME = AccentColor;
				CODE_SIGN_STYLE = Automatic;
				CURRENT_PROJECT_VERSION = 1;
				DEVELOPMENT_ASSET_PATHS = "\"Seattle Bridge Tracker/Preview Content\"";
				DEVELOPMENT_TEAM = L7JQRVXU2V;
				ENABLE_PREVIEWS = YES;
				GENERATE_INFOPLIST_FILE = YES;
				INFOPLIST_KEY_UIApplicationSceneManifest_Generation = YES;
				INFOPLIST_KEY_UIApplicationSupportsIndirectInputEvents = YES;
				INFOPLIST_KEY_UILaunchScreen_Generation = YES;
				INFOPLIST_KEY_UISupportedInterfaceOrientations_iPad = "UIInterfaceOrientationPortrait UIInterfaceOrientationPortraitUpsideDown UIInterfaceOrientationLandscapeLeft UIInterfaceOrientationLandscapeRight";
				INFOPLIST_KEY_UISupportedInterfaceOrientations_iPhone = "UIInterfaceOrientationPortrait UIInterfaceOrientationLandscapeLeft UIInterfaceOrientationLandscapeRight";
				LD_RUNPATH_SEARCH_PATHS = (
					"$(inherited)",
					"@executable_path/Frameworks",
				);
				MARKETING_VERSION = 1.0;
				PRODUCT_BUNDLE_IDENTIFIER = "com.Mcrich23.Seattle-Bridge-Tracker";
				PRODUCT_NAME = "$(TARGET_NAME)";
				SWIFT_EMIT_LOC_STRINGS = YES;
				SWIFT_VERSION = 5.0;
				TARGETED_DEVICE_FAMILY = "1,2";
			};
			name = Debug;
		};
		A33F930F28AC90A900391EBB /* Release */ = {
			isa = XCBuildConfiguration;
			buildSettings = {
				ASSETCATALOG_COMPILER_APPICON_NAME = AppIcon;
				ASSETCATALOG_COMPILER_GLOBAL_ACCENT_COLOR_NAME = AccentColor;
				CODE_SIGN_STYLE = Automatic;
				CURRENT_PROJECT_VERSION = 1;
				DEVELOPMENT_ASSET_PATHS = "\"Seattle Bridge Tracker/Preview Content\"";
				DEVELOPMENT_TEAM = L7JQRVXU2V;
				ENABLE_PREVIEWS = YES;
				GENERATE_INFOPLIST_FILE = YES;
				INFOPLIST_KEY_UIApplicationSceneManifest_Generation = YES;
				INFOPLIST_KEY_UIApplicationSupportsIndirectInputEvents = YES;
				INFOPLIST_KEY_UILaunchScreen_Generation = YES;
				INFOPLIST_KEY_UISupportedInterfaceOrientations_iPad = "UIInterfaceOrientationPortrait UIInterfaceOrientationPortraitUpsideDown UIInterfaceOrientationLandscapeLeft UIInterfaceOrientationLandscapeRight";
				INFOPLIST_KEY_UISupportedInterfaceOrientations_iPhone = "UIInterfaceOrientationPortrait UIInterfaceOrientationLandscapeLeft UIInterfaceOrientationLandscapeRight";
				LD_RUNPATH_SEARCH_PATHS = (
					"$(inherited)",
					"@executable_path/Frameworks",
				);
				MARKETING_VERSION = 1.0;
				PRODUCT_BUNDLE_IDENTIFIER = "com.Mcrich23.Seattle-Bridge-Tracker";
				PRODUCT_NAME = "$(TARGET_NAME)";
				SWIFT_EMIT_LOC_STRINGS = YES;
				SWIFT_VERSION = 5.0;
				TARGETED_DEVICE_FAMILY = "1,2";
			};
			name = Release;
		};
/* End XCBuildConfiguration section */

/* Begin XCConfigurationList section */
		A33F92FA28AC90A800391EBB /* Build configuration list for PBXProject "Seattle Bridge Tracker" */ = {
			isa = XCConfigurationList;
			buildConfigurations = (
				A33F930B28AC90A900391EBB /* Debug */,
				A33F930C28AC90A900391EBB /* Release */,
			);
			defaultConfigurationIsVisible = 0;
			defaultConfigurationName = Release;
		};
		A33F930D28AC90A900391EBB /* Build configuration list for PBXNativeTarget "Seattle Bridge Tracker" */ = {
			isa = XCConfigurationList;
			buildConfigurations = (
				A33F930E28AC90A900391EBB /* Debug */,
				A33F930F28AC90A900391EBB /* Release */,
			);
			defaultConfigurationIsVisible = 0;
			defaultConfigurationName = Release;
		};
/* End XCConfigurationList section */
	};
	rootObject = A33F92F728AC90A800391EBB /* Project object */;
}
