{
  "object": {
    "pins": [
      {
        "package": "DeviceKit",
        "repositoryURL": "https://github.com/devicekit/DeviceKit",
        "state": {
          "branch": null,
          "revision": "d37e70cb2646666dcf276d7d3d4a9760a41ff8a6",
          "version": "4.9.0"
        }
      },
      {
        "package": "Kingfisher",
        "repositoryURL": "https://github.com/onevcat/Kingfisher",
        "state": {
          "branch": null,
          "revision": "c75584ac759cbb16b204d0a7de3ebf53ea6b304d",
          "version": "7.9.0"
        }
      },
      {
        "package": "LoaderUI",
        "repositoryURL": "https://github.com/Mcrich23/LoaderUI",
        "state": {
          "branch": "master",
          "revision": "af1151c489c087da79f7bf25382ed4d680133b29",
          "version": null
        }
      },
      {
        "package": "SFSafeSymbols",
        "repositoryURL": "https://github.com/SFSafeSymbols/SFSafeSymbols",
        "state": {
          "branch": null,
          "revision": "7cca2d60925876b5953a2cf7341cd80fbeac983c",
          "version": "4.1.1"
        }
      },
      {
        "package": "StepperView",
        "repositoryURL": "https://github.com/badrinathvm/StepperView",
        "state": {
          "branch": "master",
          "revision": "dbfc0349fe777ac7099eb69da2e5210cccef1db8",
          "version": null
        }
      },
      {
        "package": "swiftui-introspect",
        "repositoryURL": "https://github.com/siteline/SwiftUI-Introspect",
        "state": {
          "branch": null,
          "revision": "ccb973cfff703cba53fb88197413485c060eb26b",
          "version": "0.10.0"
        }
      },
      {
        "package": "SwiftUIAlert",
        "repositoryURL": "https://github.com/Mcrich23/SwiftUIAlert",
        "state": {
          "branch": null,
          "revision": "d735131323a0b2e425c9fa0f6c98c4d488d6f5b6",
          "version": "1.0.4"
        }
      },
      {
        "package": "SwiftUIBackports",
        "repositoryURL": "https://github.com/shaps80/SwiftUIBackports",
        "state": {
          "branch": "1.7.0",
          "revision": "0098109c130dd6ec02eaa21f4aa00ea14c306b8f",
          "version": null
        }
      },
      {
        "package": "SwiftUIMap",
        "repositoryURL": "https://github.com/Mcrich23/SwiftUIMap",
        "state": {
          "branch": null,
          "revision": "f3dad3a9c6ae4961797dcab325145862b4d4b3fd",
          "version": "1.5.8"
        }
      },
      {
        "package": "SwiftUIX",
        "repositoryURL": "https://github.com/SwiftUIX/SwiftUIX",
        "state": {
          "branch": null,
          "revision": "75d5be2c85ec1e3ccbd9d99d321dd3abb5955e8d",
          "version": "0.1.6"
        }
      },
      {
        "package": "URLImage",
        "repositoryURL": "https://github.com/dmytro-anokhin/url-image",
        "state": {
          "branch": null,
          "revision": "4042f955f1fdff00ced85545e1eecdbf969b5cd0",
          "version": "3.1.1"
        }
      },
      {
        "package": "WrappingHStack",
        "repositoryURL": "https://github.com/dkk/WrappingHStack",
        "state": {
          "branch": null,
          "revision": "f31b8fdc57759c5aa5fc98c70746db5556e73300",
          "version": "2.2.10"
        }
      }
    ]
  },
  "version": 1
}
