{
  "object": {
    "pins": [
      {
        "package": "GoogleAppMeasurement",
        "repositoryURL": "https://github.com/google/GoogleAppMeasurement.git",
        "state": {
          "branch": null,
          "revision": "f54f60d0164d887e1174fa51ab2efe48a8e9d178",
          "version": "9.3.0"
        }
      },
      {
        "package": "GoogleMobileAds",
        "repositoryURL": "https://github.com/quanghits/GoogleMobileAds",
        "state": {
          "branch": "main",
          "revision": "271e6d6bc1d7756a88fe82df558145a264a34331",
          "version": null
        }
      },
      {
        "package": "GoogleUserMessagingPlatform",
        "repositoryURL": "https://github.com/quanghits/GoogleUserMessagingPlatform.git",
        "state": {
          "branch": null,
          "revision": "f322d91b6b0497b727b228a5fa5b9394e7886d3a",
          "version": "2.0.0"
        }
      },
      {
        "package": "GoogleUtilities",
        "repositoryURL": "https://github.com/google/GoogleUtilities.git",
        "state": {
          "branch": null,
          "revision": "f4abe56ce62a779e64b525eb133c8fc2a84bbc1f",
          "version": "7.7.1"
        }
      },
      {
        "package": "LoaderUI",
        "repositoryURL": "https://github.com/Mcrich23/LoaderUI",
        "state": {
          "branch": "master",
          "revision": "af1151c489c087da79f7bf25382ed4d680133b29",
          "version": null
        }
      },
      {
        "package": "MultiModal",
        "repositoryURL": "https://github.com/davdroman/MultiModal",
        "state": {
          "branch": null,
          "revision": "1f9f5331ed0b374e5f9273162c8782a1884dfaa5",
          "version": "2.1.0"
        }
      },
      {
        "package": "nanopb",
        "repositoryURL": "https://github.com/firebase/nanopb.git",
        "state": {
          "branch": null,
          "revision": "819d0a2173aff699fb8c364b6fb906f7cdb1a692",
          "version": "2.30909.0"
        }
      },
      {
        "package": "Promises",
        "repositoryURL": "https://github.com/google/promises.git",
        "state": {
          "branch": null,
          "revision": "3e4e743631e86c8c70dbc6efdc7beaa6e90fd3bb",
          "version": "2.1.1"
        }
      },
      {
        "package": "StepperView",
        "repositoryURL": "https://github.com/badrinathvm/StepperView",
        "state": {
          "branch": "master",
          "revision": "dbfc0349fe777ac7099eb69da2e5210cccef1db8",
          "version": null
        }
      },
      {
        "package": "HTTPStatusCodes",
        "repositoryURL": "https://github.com/jaderfeijo/SwiftHTTPStatusCodes",
        "state": {
          "branch": "master",
          "revision": "8f5e0b8002820fadbabcce5523ebec46ccfe711b",
          "version": null
        }
      },
      {
        "package": "Introspect",
        "repositoryURL": "https://github.com/siteline/SwiftUI-Introspect",
        "state": {
          "branch": null,
          "revision": "f2616860a41f9d9932da412a8978fec79c06fe24",
          "version": "0.1.4"
        }
      },
      {
        "package": "SwiftUI-Shimmer",
        "repositoryURL": "https://github.com/markiv/SwiftUI-Shimmer",
        "state": {
          "branch": "main",
          "revision": "61411771350a5a4e96666a8a202ae4b2be327a2b",
          "version": null
        }
      },
      {
        "package": "SwiftUIBackports",
        "repositoryURL": "https://github.com/shaps80/SwiftUIBackports",
        "state": {
          "branch": null,
          "revision": "4cab730480277c5ae6ac3ea8ee02b4845dee4903",
          "version": "1.6.3"
        }
      },
      {
        "package": "SwiftUIMap",
        "repositoryURL": "https://github.com/Mcrich23/SwiftUIMap",
        "state": {
          "branch": null,
          "revision": "0493ac10120cfddb768596c10d8b7a35632bb21e",
          "version": "1.4.4"
        }
      },
      {
        "package": "SwiftUIX",
        "repositoryURL": "https://github.com/SwiftUIX/SwiftUIX",
        "state": {
          "branch": null,
          "revision": "889c781539cdd1e6a1111472c711082522aa35c6",
          "version": "0.1.2"
        }
      },
      {
        "package": "URLImage",
        "repositoryURL": "https://github.com/dmytro-anokhin/url-image",
        "state": {
          "branch": null,
          "revision": "4042f955f1fdff00ced85545e1eecdbf969b5cd0",
          "version": "3.1.1"
        }
      },
      {
        "package": "WKView",
        "repositoryURL": "https://github.com/rebeloper/WKView",
        "state": {
          "branch": "main",
          "revision": "16e1390b4ed59a82609462d85cd0670d5144f036",
          "version": null
        }
      }
    ]
  },
  "version": 1
}
